
Microsoft Visual Studio Solution File, Format Version 12.00
# Visual Studio 2013
VisualStudioVersion = 12.0.30723.0
MinimumVisualStudioVersion = 10.0.40219.1
Project("{FAE04EC0-301F-11D3-BF4B-00C04F79EFBC}") = "NKnife", "NKnife\NKnife.csproj", "{266FCF12-D8F4-402C-BD7E-FC1DF5F6A0BF}"
EndProject
Project("{FAE04EC0-301F-11D3-BF4B-00C04F79EFBC}") = "NKnife.Socket", "NKnife.Socket\NKnife.Socket.csproj", "{F3299AC1-2D25-4B91-A4D9-F9C1AB6F0825}"
EndProject
Project("{FAE04EC0-301F-11D3-BF4B-00C04F79EFBC}") = "NKnife.App.SocketKit.Starter", "App.NKnifeSocketKit\NKnife.App.SocketKit\NKnife.App.SocketKit.Starter.csproj", "{DC973AA7-2F85-4C98-BF55-6BCF1A343C86}"
EndProject
Project("{2150E333-8FDC-42A3-9474-1A3956D46DE8}") = "NKnife", "NKnife", "{A9A2AA2C-6F24-4CF6-8528-B243096EBADD}"
EndProject
Project("{FAE04EC0-301F-11D3-BF4B-00C04F79EFBC}") = "NKnife.NLog3", "NKnife.NLog3\NKnife.NLog3.csproj", "{3D1D08D2-46B0-4C33-A214-A5A76A998102}"
EndProject
Project("{FAE04EC0-301F-11D3-BF4B-00C04F79EFBC}") = "NKnife.UnitTests", "UnitTests\NKnife.UnitTests\NKnife.UnitTests.csproj", "{37E93CF1-6BDD-4ADF-94C7-0BF46AF71253}"
EndProject
Global
	GlobalSection(SolutionConfigurationPlatforms) = preSolution
		Debug|Any CPU = Debug|Any CPU
		Debug|Mixed Platforms = Debug|Mixed Platforms
		Debug|x86 = Debug|x86
		Release|Any CPU = Release|Any CPU
		Release|Mixed Platforms = Release|Mixed Platforms
		Release|x86 = Release|x86
	EndGlobalSection
	GlobalSection(ProjectConfigurationPlatforms) = postSolution
		{266FCF12-D8F4-402C-BD7E-FC1DF5F6A0BF}.Debug|Any CPU.ActiveCfg = Debug|Any CPU
		{266FCF12-D8F4-402C-BD7E-FC1DF5F6A0BF}.Debug|Any CPU.Build.0 = Debug|Any CPU
		{266FCF12-D8F4-402C-BD7E-FC1DF5F6A0BF}.Debug|Mixed Platforms.ActiveCfg = Debug|Any CPU
		{266FCF12-D8F4-402C-BD7E-FC1DF5F6A0BF}.Debug|Mixed Platforms.Build.0 = Debug|Any CPU
		{266FCF12-D8F4-402C-BD7E-FC1DF5F6A0BF}.Debug|x86.ActiveCfg = Debug|Any CPU
		{266FCF12-D8F4-402C-BD7E-FC1DF5F6A0BF}.Release|Any CPU.ActiveCfg = Release|Any CPU
		{266FCF12-D8F4-402C-BD7E-FC1DF5F6A0BF}.Release|Any CPU.Build.0 = Release|Any CPU
		{266FCF12-D8F4-402C-BD7E-FC1DF5F6A0BF}.Release|Mixed Platforms.ActiveCfg = Release|Any CPU
		{266FCF12-D8F4-402C-BD7E-FC1DF5F6A0BF}.Release|Mixed Platforms.Build.0 = Release|Any CPU
		{266FCF12-D8F4-402C-BD7E-FC1DF5F6A0BF}.Release|x86.ActiveCfg = Release|Any CPU
		{F3299AC1-2D25-4B91-A4D9-F9C1AB6F0825}.Debug|Any CPU.ActiveCfg = Debug|Any CPU
		{F3299AC1-2D25-4B91-A4D9-F9C1AB6F0825}.Debug|Any CPU.Build.0 = Debug|Any CPU
		{F3299AC1-2D25-4B91-A4D9-F9C1AB6F0825}.Debug|Mixed Platforms.ActiveCfg = Debug|Any CPU
		{F3299AC1-2D25-4B91-A4D9-F9C1AB6F0825}.Debug|Mixed Platforms.Build.0 = Debug|Any CPU
		{F3299AC1-2D25-4B91-A4D9-F9C1AB6F0825}.Debug|x86.ActiveCfg = Debug|Any CPU
		{F3299AC1-2D25-4B91-A4D9-F9C1AB6F0825}.Release|Any CPU.ActiveCfg = Release|Any CPU
		{F3299AC1-2D25-4B91-A4D9-F9C1AB6F0825}.Release|Any CPU.Build.0 = Release|Any CPU
		{F3299AC1-2D25-4B91-A4D9-F9C1AB6F0825}.Release|Mixed Platforms.ActiveCfg = Release|Any CPU
		{F3299AC1-2D25-4B91-A4D9-F9C1AB6F0825}.Release|Mixed Platforms.Build.0 = Release|Any CPU
		{F3299AC1-2D25-4B91-A4D9-F9C1AB6F0825}.Release|x86.ActiveCfg = Release|Any CPU
		{DC973AA7-2F85-4C98-BF55-6BCF1A343C86}.Debug|Any CPU.ActiveCfg = Debug|Any CPU
		{DC973AA7-2F85-4C98-BF55-6BCF1A343C86}.Debug|Any CPU.Build.0 = Debug|Any CPU
		{DC973AA7-2F85-4C98-BF55-6BCF1A343C86}.Debug|Mixed Platforms.ActiveCfg = Debug|Any CPU
		{DC973AA7-2F85-4C98-BF55-6BCF1A343C86}.Debug|Mixed Platforms.Build.0 = Debug|Any CPU
		{DC973AA7-2F85-4C98-BF55-6BCF1A343C86}.Debug|x86.ActiveCfg = Debug|Any CPU
		{DC973AA7-2F85-4C98-BF55-6BCF1A343C86}.Release|Any CPU.ActiveCfg = Release|Any CPU
		{DC973AA7-2F85-4C98-BF55-6BCF1A343C86}.Release|Any CPU.Build.0 = Release|Any CPU
		{DC973AA7-2F85-4C98-BF55-6BCF1A343C86}.Release|Mixed Platforms.ActiveCfg = Release|Any CPU
		{DC973AA7-2F85-4C98-BF55-6BCF1A343C86}.Release|Mixed Platforms.Build.0 = Release|Any CPU
		{DC973AA7-2F85-4C98-BF55-6BCF1A343C86}.Release|x86.ActiveCfg = Release|Any CPU
		{3D1D08D2-46B0-4C33-A214-A5A76A998102}.Debug|Any CPU.ActiveCfg = Debug|Any CPU
		{3D1D08D2-46B0-4C33-A214-A5A76A998102}.Debug|Any CPU.Build.0 = Debug|Any CPU
		{3D1D08D2-46B0-4C33-A214-A5A76A998102}.Debug|Mixed Platforms.ActiveCfg = Debug|Any CPU
		{3D1D08D2-46B0-4C33-A214-A5A76A998102}.Debug|Mixed Platforms.Build.0 = Debug|Any CPU
		{3D1D08D2-46B0-4C33-A214-A5A76A998102}.Debug|x86.ActiveCfg = Debug|Any CPU
		{3D1D08D2-46B0-4C33-A214-A5A76A998102}.Release|Any CPU.ActiveCfg = Release|Any CPU
		{3D1D08D2-46B0-4C33-A214-A5A76A998102}.Release|Any CPU.Build.0 = Release|Any CPU
		{3D1D08D2-46B0-4C33-A214-A5A76A998102}.Release|Mixed Platforms.ActiveCfg = Release|Any CPU
		{3D1D08D2-46B0-4C33-A214-A5A76A998102}.Release|Mixed Platforms.Build.0 = Release|Any CPU
		{3D1D08D2-46B0-4C33-A214-A5A76A998102}.Release|x86.ActiveCfg = Release|Any CPU
		{37E93CF1-6BDD-4ADF-94C7-0BF46AF71253}.Debug|Any CPU.ActiveCfg = Debug|Any CPU
		{37E93CF1-6BDD-4ADF-94C7-0BF46AF71253}.Debug|Any CPU.Build.0 = Debug|Any CPU
		{37E93CF1-6BDD-4ADF-94C7-0BF46AF71253}.Debug|Mixed Platforms.ActiveCfg = Debug|Any CPU
		{37E93CF1-6BDD-4ADF-94C7-0BF46AF71253}.Debug|Mixed Platforms.Build.0 = Debug|Any CPU
		{37E93CF1-6BDD-4ADF-94C7-0BF46AF71253}.Debug|x86.ActiveCfg = Debug|Any CPU
		{37E93CF1-6BDD-4ADF-94C7-0BF46AF71253}.Release|Any CPU.ActiveCfg = Release|Any CPU
		{37E93CF1-6BDD-4ADF-94C7-0BF46AF71253}.Release|Any CPU.Build.0 = Release|Any CPU
		{37E93CF1-6BDD-4ADF-94C7-0BF46AF71253}.Release|Mixed Platforms.ActiveCfg = Release|Any CPU
		{37E93CF1-6BDD-4ADF-94C7-0BF46AF71253}.Release|Mixed Platforms.Build.0 = Release|Any CPU
		{37E93CF1-6BDD-4ADF-94C7-0BF46AF71253}.Release|x86.ActiveCfg = Release|Any CPU
	EndGlobalSection
	GlobalSection(SolutionProperties) = preSolution
		HideSolutionNode = FALSE
	EndGlobalSection
	GlobalSection(NestedProjects) = preSolution
		{266FCF12-D8F4-402C-BD7E-FC1DF5F6A0BF} = {A9A2AA2C-6F24-4CF6-8528-B243096EBADD}
		{F3299AC1-2D25-4B91-A4D9-F9C1AB6F0825} = {A9A2AA2C-6F24-4CF6-8528-B243096EBADD}
		{3D1D08D2-46B0-4C33-A214-A5A76A998102} = {A9A2AA2C-6F24-4CF6-8528-B243096EBADD}
		{37E93CF1-6BDD-4ADF-94C7-0BF46AF71253} = {A9A2AA2C-6F24-4CF6-8528-B243096EBADD}
	EndGlobalSection
EndGlobal
