
Microsoft Visual Studio Solution File, Format Version 12.00
# Visual Studio 2013
VisualStudioVersion = 12.0.30723.0
MinimumVisualStudioVersion = 10.0.40219.1
Project("{2150E333-8FDC-42A3-9474-1A3956D46DE8}") = "Libraries", "Libraries", "{C473F4D7-5887-4B11-B69C-B93AC18EE3C1}"
EndProject
Project("{2150E333-8FDC-42A3-9474-1A3956D46DE8}") = "OpenSource", "OpenSource", "{570FDE63-ED96-4F8D-BFD9-997F6EB9C604}"
EndProject
Project("{FAE04EC0-301F-11D3-BF4B-00C04F79EFBC}") = "Jeelu", "App.WebsiteBuilder\NKnife.App.WebsiteBuilder\Common\Jeelu.csproj", "{ACF0DFFD-984F-47C1-8AA1-3587B48B2166}"
EndProject
Project("{FAE04EC0-301F-11D3-BF4B-00C04F79EFBC}") = "Jeelu.SimplusD", "App.WebsiteBuilder\NKnife.App.WebsiteBuilder\SimplusD\Common\Jeelu.SimplusD.csproj", "{42474834-8525-470E-A26C-24E552123983}"
EndProject
Project("{FAE04EC0-301F-11D3-BF4B-00C04F79EFBC}") = "Jeelu.SimplusD.Client.Win", "App.WebsiteBuilder\NKnife.App.WebsiteBuilder\SimplusD\Client\Win\Common\Jeelu.SimplusD.Client.Win.csproj", "{6ABF911A-7EF0-41DC-AB7A-720F874107BD}"
EndProject
Project("{FAE04EC0-301F-11D3-BF4B-00C04F79EFBC}") = "CustomOpenFileDialog", "App.WebsiteBuilder\NKnife.App.WebsiteBuilder\OpenSource\CustomOpenFileDialog\CustomOpenFileDialog.csproj", "{63F16AD6-3C52-43BA-A3D7-981AC870E7CE}"
EndProject
Project("{FAE04EC0-301F-11D3-BF4B-00C04F79EFBC}") = "ICSharpCode.TextEditor", "App.WebsiteBuilder\NKnife.App.WebsiteBuilder\OpenSource\ICSharpCode.TextEditor\ICSharpCode.TextEditor.csproj", "{2D18BE89-D210-49EB-A9DD-2246FBB3DF6D}"
EndProject
Project("{FAE04EC0-301F-11D3-BF4B-00C04F79EFBC}") = "TidyNet", "App.WebsiteBuilder\NKnife.App.WebsiteBuilder\OpenSource\TidyNet\TidyNet.csproj", "{C9B7AEFC-11BF-4902-AB1C-055E87479ACE}"
EndProject
Project("{FAE04EC0-301F-11D3-BF4B-00C04F79EFBC}") = "WinFormsUI", "App.WebsiteBuilder\NKnife.App.WebsiteBuilder\OpenSource\WinFormsUI\WinFormsUI.csproj", "{C75532C4-765B-418E-B09B-46D36B2ABDB1}"
EndProject
Project("{FAE04EC0-301F-11D3-BF4B-00C04F79EFBC}") = "VS2005ToolBox", "App.WebsiteBuilder\NKnife.App.WebsiteBuilder\OpenSource\VS2005ToolBox\VS2005ToolBox.csproj", "{63591A7A-794D-407E-9D3F-2B2C525420F9}"
EndProject
Project("{FAE04EC0-301F-11D3-BF4B-00C04F79EFBC}") = "Jeelu.SimplusD.Client.Win.Startup", "App.WebsiteBuilder\NKnife.App.WebsiteBuilder\SimplusD\Client\Win\Startup\Jeelu.SimplusD.Client.Win.Startup.csproj", "{1EB2D6B5-FA84-4C0D-BB6E-1C9862AB779A}"
EndProject
Project("{FAE04EC0-301F-11D3-BF4B-00C04F79EFBC}") = "Jeelu.Win", "App.WebsiteBuilder\NKnife.App.WebsiteBuilder\Win\Common\Jeelu.Win.csproj", "{14AC1134-719E-497F-9B84-0C0DC5F4AD9E}"
EndProject
Project("{FAE04EC0-301F-11D3-BF4B-00C04F79EFBC}") = "Jeelu.SimplusD.Client.Win.CoreControls", "App.WebsiteBuilder\NKnife.App.WebsiteBuilder\SimplusD\Client\Win\CoreControls\Jeelu.SimplusD.Client.Win.CoreControls.csproj", "{8EF3AA7B-2B98-42AF-A4E4-3D7447ADFF65}"
EndProject
Project("{FAE04EC0-301F-11D3-BF4B-00C04F79EFBC}") = "Jeelu.SimplusD.Client.Win.Core", "App.WebsiteBuilder\NKnife.App.WebsiteBuilder\SimplusD\Client\Win\Core\Jeelu.SimplusD.Client.Win.Core.csproj", "{7D47B960-6735-4125-8670-0BBDBEE28208}"
EndProject
Global
	GlobalSection(SolutionConfigurationPlatforms) = preSolution
		Debug|Any CPU = Debug|Any CPU
		Release|Any CPU = Release|Any CPU
	EndGlobalSection
	GlobalSection(ProjectConfigurationPlatforms) = postSolution
		{ACF0DFFD-984F-47C1-8AA1-3587B48B2166}.Debug|Any CPU.ActiveCfg = Debug|Any CPU
		{ACF0DFFD-984F-47C1-8AA1-3587B48B2166}.Debug|Any CPU.Build.0 = Debug|Any CPU
		{ACF0DFFD-984F-47C1-8AA1-3587B48B2166}.Release|Any CPU.ActiveCfg = Release|Any CPU
		{ACF0DFFD-984F-47C1-8AA1-3587B48B2166}.Release|Any CPU.Build.0 = Release|Any CPU
		{42474834-8525-470E-A26C-24E552123983}.Debug|Any CPU.ActiveCfg = Debug|Any CPU
		{42474834-8525-470E-A26C-24E552123983}.Debug|Any CPU.Build.0 = Debug|Any CPU
		{42474834-8525-470E-A26C-24E552123983}.Release|Any CPU.ActiveCfg = Release|Any CPU
		{42474834-8525-470E-A26C-24E552123983}.Release|Any CPU.Build.0 = Release|Any CPU
		{6ABF911A-7EF0-41DC-AB7A-720F874107BD}.Debug|Any CPU.ActiveCfg = Debug|Any CPU
		{6ABF911A-7EF0-41DC-AB7A-720F874107BD}.Debug|Any CPU.Build.0 = Debug|Any CPU
		{6ABF911A-7EF0-41DC-AB7A-720F874107BD}.Release|Any CPU.ActiveCfg = Release|Any CPU
		{6ABF911A-7EF0-41DC-AB7A-720F874107BD}.Release|Any CPU.Build.0 = Release|Any CPU
		{63F16AD6-3C52-43BA-A3D7-981AC870E7CE}.Debug|Any CPU.ActiveCfg = Debug|Any CPU
		{63F16AD6-3C52-43BA-A3D7-981AC870E7CE}.Debug|Any CPU.Build.0 = Debug|Any CPU
		{63F16AD6-3C52-43BA-A3D7-981AC870E7CE}.Release|Any CPU.ActiveCfg = Release|Any CPU
		{63F16AD6-3C52-43BA-A3D7-981AC870E7CE}.Release|Any CPU.Build.0 = Release|Any CPU
		{2D18BE89-D210-49EB-A9DD-2246FBB3DF6D}.Debug|Any CPU.ActiveCfg = Debug|Any CPU
		{2D18BE89-D210-49EB-A9DD-2246FBB3DF6D}.Debug|Any CPU.Build.0 = Debug|Any CPU
		{2D18BE89-D210-49EB-A9DD-2246FBB3DF6D}.Release|Any CPU.ActiveCfg = Release|Any CPU
		{2D18BE89-D210-49EB-A9DD-2246FBB3DF6D}.Release|Any CPU.Build.0 = Release|Any CPU
		{C9B7AEFC-11BF-4902-AB1C-055E87479ACE}.Debug|Any CPU.ActiveCfg = Debug|Any CPU
		{C9B7AEFC-11BF-4902-AB1C-055E87479ACE}.Debug|Any CPU.Build.0 = Debug|Any CPU
		{C9B7AEFC-11BF-4902-AB1C-055E87479ACE}.Release|Any CPU.ActiveCfg = Release|Any CPU
		{C9B7AEFC-11BF-4902-AB1C-055E87479ACE}.Release|Any CPU.Build.0 = Release|Any CPU
		{C75532C4-765B-418E-B09B-46D36B2ABDB1}.Debug|Any CPU.ActiveCfg = Debug|Any CPU
		{C75532C4-765B-418E-B09B-46D36B2ABDB1}.Debug|Any CPU.Build.0 = Debug|Any CPU
		{C75532C4-765B-418E-B09B-46D36B2ABDB1}.Release|Any CPU.ActiveCfg = Release|Any CPU
		{C75532C4-765B-418E-B09B-46D36B2ABDB1}.Release|Any CPU.Build.0 = Release|Any CPU
		{63591A7A-794D-407E-9D3F-2B2C525420F9}.Debug|Any CPU.ActiveCfg = Debug|Any CPU
		{63591A7A-794D-407E-9D3F-2B2C525420F9}.Debug|Any CPU.Build.0 = Debug|Any CPU
		{63591A7A-794D-407E-9D3F-2B2C525420F9}.Release|Any CPU.ActiveCfg = Release|Any CPU
		{63591A7A-794D-407E-9D3F-2B2C525420F9}.Release|Any CPU.Build.0 = Release|Any CPU
		{1EB2D6B5-FA84-4C0D-BB6E-1C9862AB779A}.Debug|Any CPU.ActiveCfg = Debug|Any CPU
		{1EB2D6B5-FA84-4C0D-BB6E-1C9862AB779A}.Debug|Any CPU.Build.0 = Debug|Any CPU
		{1EB2D6B5-FA84-4C0D-BB6E-1C9862AB779A}.Release|Any CPU.ActiveCfg = Release|Any CPU
		{1EB2D6B5-FA84-4C0D-BB6E-1C9862AB779A}.Release|Any CPU.Build.0 = Release|Any CPU
		{14AC1134-719E-497F-9B84-0C0DC5F4AD9E}.Debug|Any CPU.ActiveCfg = Debug|Any CPU
		{14AC1134-719E-497F-9B84-0C0DC5F4AD9E}.Debug|Any CPU.Build.0 = Debug|Any CPU
		{14AC1134-719E-497F-9B84-0C0DC5F4AD9E}.Release|Any CPU.ActiveCfg = Release|Any CPU
		{14AC1134-719E-497F-9B84-0C0DC5F4AD9E}.Release|Any CPU.Build.0 = Release|Any CPU
		{8EF3AA7B-2B98-42AF-A4E4-3D7447ADFF65}.Debug|Any CPU.ActiveCfg = Debug|Any CPU
		{8EF3AA7B-2B98-42AF-A4E4-3D7447ADFF65}.Debug|Any CPU.Build.0 = Debug|Any CPU
		{8EF3AA7B-2B98-42AF-A4E4-3D7447ADFF65}.Release|Any CPU.ActiveCfg = Release|Any CPU
		{8EF3AA7B-2B98-42AF-A4E4-3D7447ADFF65}.Release|Any CPU.Build.0 = Release|Any CPU
		{7D47B960-6735-4125-8670-0BBDBEE28208}.Debug|Any CPU.ActiveCfg = Debug|Any CPU
		{7D47B960-6735-4125-8670-0BBDBEE28208}.Debug|Any CPU.Build.0 = Debug|Any CPU
		{7D47B960-6735-4125-8670-0BBDBEE28208}.Release|Any CPU.ActiveCfg = Release|Any CPU
		{7D47B960-6735-4125-8670-0BBDBEE28208}.Release|Any CPU.Build.0 = Release|Any CPU
	EndGlobalSection
	GlobalSection(SolutionProperties) = preSolution
		HideSolutionNode = FALSE
	EndGlobalSection
	GlobalSection(NestedProjects) = preSolution
		{570FDE63-ED96-4F8D-BFD9-997F6EB9C604} = {C473F4D7-5887-4B11-B69C-B93AC18EE3C1}
		{ACF0DFFD-984F-47C1-8AA1-3587B48B2166} = {C473F4D7-5887-4B11-B69C-B93AC18EE3C1}
		{63F16AD6-3C52-43BA-A3D7-981AC870E7CE} = {570FDE63-ED96-4F8D-BFD9-997F6EB9C604}
		{2D18BE89-D210-49EB-A9DD-2246FBB3DF6D} = {570FDE63-ED96-4F8D-BFD9-997F6EB9C604}
		{C9B7AEFC-11BF-4902-AB1C-055E87479ACE} = {570FDE63-ED96-4F8D-BFD9-997F6EB9C604}
		{C75532C4-765B-418E-B09B-46D36B2ABDB1} = {570FDE63-ED96-4F8D-BFD9-997F6EB9C604}
		{63591A7A-794D-407E-9D3F-2B2C525420F9} = {570FDE63-ED96-4F8D-BFD9-997F6EB9C604}
		{14AC1134-719E-497F-9B84-0C0DC5F4AD9E} = {C473F4D7-5887-4B11-B69C-B93AC18EE3C1}
	EndGlobalSection
EndGlobal
