
Microsoft Visual Studio Solution File, Format Version 12.00
# Visual Studio 15
VisualStudioVersion = 15.0.26403.7
MinimumVisualStudioVersion = 10.0.40219.1
Project("{FAE04EC0-301F-11D3-BF4B-00C04F79EFBC}") = "NKnife", "NKnife\NKnife.csproj", "{266FCF12-D8F4-402C-BD7E-FC1DF5F6A0BF}"
EndProject
Project("{FAE04EC0-301F-11D3-BF4B-00C04F79EFBC}") = "NKnife.UnitTest", "UnitTests\NKnife.UnitTest\NKnife.UnitTest.csproj", "{37E93CF1-6BDD-4ADF-94C7-0BF46AF71253}"
EndProject
Project("{FAE04EC0-301F-11D3-BF4B-00C04F79EFBC}") = "NKnife.Compress", "NKnife.Compress\NKnife.Compress.csproj", "{ACF8BB89-EDE4-433E-BF14-7A9F499D39E8}"
EndProject
Project("{FAE04EC0-301F-11D3-BF4B-00C04F79EFBC}") = "NKnife.Socket", "NKnife.Socket\NKnife.Socket.csproj", "{F3299AC1-2D25-4B91-A4D9-F9C1AB6F0825}"
EndProject
Project("{FAE04EC0-301F-11D3-BF4B-00C04F79EFBC}") = "NKnife.Serial", "NKnife.Serial\NKnife.Serial.csproj", "{3B1BA8E0-29DD-4CFC-8593-889B9D547AB7}"
EndProject
Project("{2150E333-8FDC-42A3-9474-1A3956D46DE8}") = "UnitTests", "UnitTests", "{6CCD23AF-807F-4E8A-9456-1788F2C89E81}"
EndProject
Project("{2150E333-8FDC-42A3-9474-1A3956D46DE8}") = "Kits", "Kits", "{65690702-547D-4AD3-AA2E-7BA59AB15095}"
EndProject
Project("{FAE04EC0-301F-11D3-BF4B-00C04F79EFBC}") = "NKnife.Kits.StarterKit", "Kits\NKnife.Kits.StarterKit\NKnife.Kits.StarterKit.csproj", "{262BE29F-B360-42CA-83FE-F2910CC6500B}"
EndProject
Project("{FAE04EC0-301F-11D3-BF4B-00C04F79EFBC}") = "NKnife.Tunnel.UnitTest", "UnitTests\NKnife.Tunnel.UnitTest\NKnife.Tunnel.UnitTest.csproj", "{1B229168-2C13-46E6-87D1-42DFA82E36EE}"
EndProject
Project("{FAE04EC0-301F-11D3-BF4B-00C04F79EFBC}") = "NKnife.NLog4", "NKnife.NLog4\NKnife.NLog4.csproj", "{24AF3E97-0817-4CBB-A471-15A9FA4004C3}"
EndProject
Project("{FAE04EC0-301F-11D3-BF4B-00C04F79EFBC}") = "NKnife.Kits.NLog.NLog4Kit", "Kits\NKnife.Kits.NLog.NLog4Kit\NKnife.Kits.NLog.NLog4Kit.csproj", "{B870D352-1A4C-4DE0-BA8F-546DF112A6CA}"
EndProject
Project("{FAE04EC0-301F-11D3-BF4B-00C04F79EFBC}") = "NKnife.DataLite.UnitTest", "UnitTests\NKnife.DataLite.UnitTest\NKnife.DataLite.UnitTest.csproj", "{11BD0E0A-A344-418D-8F2F-3B082FA69677}"
EndProject
Project("{FAE04EC0-301F-11D3-BF4B-00C04F79EFBC}") = "NKnife.Channels", "NKnife.Channels\NKnife.Channels.csproj", "{A0EDE97D-50D9-451C-BB0F-3A5CB95CCDA3}"
EndProject
Project("{FAE04EC0-301F-11D3-BF4B-00C04F79EFBC}") = "NKnife.DataLite", "NKnife.DataLite\NKnife.DataLite.csproj", "{0C10A04C-EA94-4FC7-AC84-CBC0E6E4629F}"
EndProject
Project("{FAE04EC0-301F-11D3-BF4B-00C04F79EFBC}") = "NKnife.Kits.ChannelKit", "Kits\NKnife.Kits.ChannelKit\NKnife.Kits.ChannelKit\NKnife.Kits.ChannelKit.csproj", "{CE614CA3-A9B3-4DA5-8911-9B47497B47EB}"
EndProject
Project("{FAE04EC0-301F-11D3-BF4B-00C04F79EFBC}") = "NKnife.Channels.UnitTest", "UnitTests\NKnife.Channels.UnitTest\NKnife.Channels.UnitTest.csproj", "{C840FA0B-ED8D-4F17-8054-E038D30B48BA}"
EndProject
Global
	GlobalSection(SolutionConfigurationPlatforms) = preSolution
		Debug|Any CPU = Debug|Any CPU
		Debug|Mixed Platforms = Debug|Mixed Platforms
		Debug|x86 = Debug|x86
		Release|Any CPU = Release|Any CPU
		Release|Mixed Platforms = Release|Mixed Platforms
		Release|x86 = Release|x86
	EndGlobalSection
	GlobalSection(ProjectConfigurationPlatforms) = postSolution
		{266FCF12-D8F4-402C-BD7E-FC1DF5F6A0BF}.Debug|Any CPU.ActiveCfg = Debug|Any CPU
		{266FCF12-D8F4-402C-BD7E-FC1DF5F6A0BF}.Debug|Any CPU.Build.0 = Debug|Any CPU
		{266FCF12-D8F4-402C-BD7E-FC1DF5F6A0BF}.Debug|Mixed Platforms.ActiveCfg = Debug|Any CPU
		{266FCF12-D8F4-402C-BD7E-FC1DF5F6A0BF}.Debug|Mixed Platforms.Build.0 = Debug|Any CPU
		{266FCF12-D8F4-402C-BD7E-FC1DF5F6A0BF}.Debug|x86.ActiveCfg = Debug|Any CPU
		{266FCF12-D8F4-402C-BD7E-FC1DF5F6A0BF}.Release|Any CPU.ActiveCfg = Release|Any CPU
		{266FCF12-D8F4-402C-BD7E-FC1DF5F6A0BF}.Release|Any CPU.Build.0 = Release|Any CPU
		{266FCF12-D8F4-402C-BD7E-FC1DF5F6A0BF}.Release|Mixed Platforms.ActiveCfg = Release|Any CPU
		{266FCF12-D8F4-402C-BD7E-FC1DF5F6A0BF}.Release|Mixed Platforms.Build.0 = Release|Any CPU
		{266FCF12-D8F4-402C-BD7E-FC1DF5F6A0BF}.Release|x86.ActiveCfg = Release|Any CPU
		{37E93CF1-6BDD-4ADF-94C7-0BF46AF71253}.Debug|Any CPU.ActiveCfg = Debug|Any CPU
		{37E93CF1-6BDD-4ADF-94C7-0BF46AF71253}.Debug|Any CPU.Build.0 = Debug|Any CPU
		{37E93CF1-6BDD-4ADF-94C7-0BF46AF71253}.Debug|Mixed Platforms.ActiveCfg = Debug|Any CPU
		{37E93CF1-6BDD-4ADF-94C7-0BF46AF71253}.Debug|Mixed Platforms.Build.0 = Debug|Any CPU
		{37E93CF1-6BDD-4ADF-94C7-0BF46AF71253}.Debug|x86.ActiveCfg = Debug|Any CPU
		{37E93CF1-6BDD-4ADF-94C7-0BF46AF71253}.Release|Any CPU.ActiveCfg = Release|Any CPU
		{37E93CF1-6BDD-4ADF-94C7-0BF46AF71253}.Release|Any CPU.Build.0 = Release|Any CPU
		{37E93CF1-6BDD-4ADF-94C7-0BF46AF71253}.Release|Mixed Platforms.ActiveCfg = Release|Any CPU
		{37E93CF1-6BDD-4ADF-94C7-0BF46AF71253}.Release|Mixed Platforms.Build.0 = Release|Any CPU
		{37E93CF1-6BDD-4ADF-94C7-0BF46AF71253}.Release|x86.ActiveCfg = Release|Any CPU
		{ACF8BB89-EDE4-433E-BF14-7A9F499D39E8}.Debug|Any CPU.ActiveCfg = Debug|Any CPU
		{ACF8BB89-EDE4-433E-BF14-7A9F499D39E8}.Debug|Any CPU.Build.0 = Debug|Any CPU
		{ACF8BB89-EDE4-433E-BF14-7A9F499D39E8}.Debug|Mixed Platforms.ActiveCfg = Debug|Any CPU
		{ACF8BB89-EDE4-433E-BF14-7A9F499D39E8}.Debug|Mixed Platforms.Build.0 = Debug|Any CPU
		{ACF8BB89-EDE4-433E-BF14-7A9F499D39E8}.Debug|x86.ActiveCfg = Debug|Any CPU
		{ACF8BB89-EDE4-433E-BF14-7A9F499D39E8}.Release|Any CPU.ActiveCfg = Release|Any CPU
		{ACF8BB89-EDE4-433E-BF14-7A9F499D39E8}.Release|Any CPU.Build.0 = Release|Any CPU
		{ACF8BB89-EDE4-433E-BF14-7A9F499D39E8}.Release|Mixed Platforms.ActiveCfg = Release|Any CPU
		{ACF8BB89-EDE4-433E-BF14-7A9F499D39E8}.Release|Mixed Platforms.Build.0 = Release|Any CPU
		{ACF8BB89-EDE4-433E-BF14-7A9F499D39E8}.Release|x86.ActiveCfg = Release|Any CPU
		{F3299AC1-2D25-4B91-A4D9-F9C1AB6F0825}.Debug|Any CPU.ActiveCfg = Debug|Any CPU
		{F3299AC1-2D25-4B91-A4D9-F9C1AB6F0825}.Debug|Any CPU.Build.0 = Debug|Any CPU
		{F3299AC1-2D25-4B91-A4D9-F9C1AB6F0825}.Debug|Mixed Platforms.ActiveCfg = Debug|Any CPU
		{F3299AC1-2D25-4B91-A4D9-F9C1AB6F0825}.Debug|Mixed Platforms.Build.0 = Debug|Any CPU
		{F3299AC1-2D25-4B91-A4D9-F9C1AB6F0825}.Debug|x86.ActiveCfg = Debug|Any CPU
		{F3299AC1-2D25-4B91-A4D9-F9C1AB6F0825}.Release|Any CPU.ActiveCfg = Release|Any CPU
		{F3299AC1-2D25-4B91-A4D9-F9C1AB6F0825}.Release|Any CPU.Build.0 = Release|Any CPU
		{F3299AC1-2D25-4B91-A4D9-F9C1AB6F0825}.Release|Mixed Platforms.ActiveCfg = Release|Any CPU
		{F3299AC1-2D25-4B91-A4D9-F9C1AB6F0825}.Release|Mixed Platforms.Build.0 = Release|Any CPU
		{F3299AC1-2D25-4B91-A4D9-F9C1AB6F0825}.Release|x86.ActiveCfg = Release|Any CPU
		{3B1BA8E0-29DD-4CFC-8593-889B9D547AB7}.Debug|Any CPU.ActiveCfg = Debug|Any CPU
		{3B1BA8E0-29DD-4CFC-8593-889B9D547AB7}.Debug|Any CPU.Build.0 = Debug|Any CPU
		{3B1BA8E0-29DD-4CFC-8593-889B9D547AB7}.Debug|Mixed Platforms.ActiveCfg = Debug|Any CPU
		{3B1BA8E0-29DD-4CFC-8593-889B9D547AB7}.Debug|Mixed Platforms.Build.0 = Debug|Any CPU
		{3B1BA8E0-29DD-4CFC-8593-889B9D547AB7}.Debug|x86.ActiveCfg = Debug|Any CPU
		{3B1BA8E0-29DD-4CFC-8593-889B9D547AB7}.Release|Any CPU.ActiveCfg = Release|Any CPU
		{3B1BA8E0-29DD-4CFC-8593-889B9D547AB7}.Release|Any CPU.Build.0 = Release|Any CPU
		{3B1BA8E0-29DD-4CFC-8593-889B9D547AB7}.Release|Mixed Platforms.ActiveCfg = Release|Any CPU
		{3B1BA8E0-29DD-4CFC-8593-889B9D547AB7}.Release|Mixed Platforms.Build.0 = Release|Any CPU
		{3B1BA8E0-29DD-4CFC-8593-889B9D547AB7}.Release|x86.ActiveCfg = Release|Any CPU
		{262BE29F-B360-42CA-83FE-F2910CC6500B}.Debug|Any CPU.ActiveCfg = Debug|Any CPU
		{262BE29F-B360-42CA-83FE-F2910CC6500B}.Debug|Any CPU.Build.0 = Debug|Any CPU
		{262BE29F-B360-42CA-83FE-F2910CC6500B}.Debug|Mixed Platforms.ActiveCfg = Debug|Any CPU
		{262BE29F-B360-42CA-83FE-F2910CC6500B}.Debug|Mixed Platforms.Build.0 = Debug|Any CPU
		{262BE29F-B360-42CA-83FE-F2910CC6500B}.Debug|x86.ActiveCfg = Debug|Any CPU
		{262BE29F-B360-42CA-83FE-F2910CC6500B}.Release|Any CPU.ActiveCfg = Release|Any CPU
		{262BE29F-B360-42CA-83FE-F2910CC6500B}.Release|Any CPU.Build.0 = Release|Any CPU
		{262BE29F-B360-42CA-83FE-F2910CC6500B}.Release|Mixed Platforms.ActiveCfg = Release|Any CPU
		{262BE29F-B360-42CA-83FE-F2910CC6500B}.Release|Mixed Platforms.Build.0 = Release|Any CPU
		{262BE29F-B360-42CA-83FE-F2910CC6500B}.Release|x86.ActiveCfg = Release|Any CPU
		{1B229168-2C13-46E6-87D1-42DFA82E36EE}.Debug|Any CPU.ActiveCfg = Debug|Any CPU
		{1B229168-2C13-46E6-87D1-42DFA82E36EE}.Debug|Any CPU.Build.0 = Debug|Any CPU
		{1B229168-2C13-46E6-87D1-42DFA82E36EE}.Debug|Mixed Platforms.ActiveCfg = Debug|Any CPU
		{1B229168-2C13-46E6-87D1-42DFA82E36EE}.Debug|Mixed Platforms.Build.0 = Debug|Any CPU
		{1B229168-2C13-46E6-87D1-42DFA82E36EE}.Debug|x86.ActiveCfg = Debug|Any CPU
		{1B229168-2C13-46E6-87D1-42DFA82E36EE}.Release|Any CPU.ActiveCfg = Release|Any CPU
		{1B229168-2C13-46E6-87D1-42DFA82E36EE}.Release|Any CPU.Build.0 = Release|Any CPU
		{1B229168-2C13-46E6-87D1-42DFA82E36EE}.Release|Mixed Platforms.ActiveCfg = Release|Any CPU
		{1B229168-2C13-46E6-87D1-42DFA82E36EE}.Release|Mixed Platforms.Build.0 = Release|Any CPU
		{1B229168-2C13-46E6-87D1-42DFA82E36EE}.Release|x86.ActiveCfg = Release|Any CPU
		{24AF3E97-0817-4CBB-A471-15A9FA4004C3}.Debug|Any CPU.ActiveCfg = Debug|Any CPU
		{24AF3E97-0817-4CBB-A471-15A9FA4004C3}.Debug|Any CPU.Build.0 = Debug|Any CPU
		{24AF3E97-0817-4CBB-A471-15A9FA4004C3}.Debug|Mixed Platforms.ActiveCfg = Debug|Any CPU
		{24AF3E97-0817-4CBB-A471-15A9FA4004C3}.Debug|Mixed Platforms.Build.0 = Debug|Any CPU
		{24AF3E97-0817-4CBB-A471-15A9FA4004C3}.Debug|x86.ActiveCfg = Debug|Any CPU
		{24AF3E97-0817-4CBB-A471-15A9FA4004C3}.Debug|x86.Build.0 = Debug|Any CPU
		{24AF3E97-0817-4CBB-A471-15A9FA4004C3}.Release|Any CPU.ActiveCfg = Release|Any CPU
		{24AF3E97-0817-4CBB-A471-15A9FA4004C3}.Release|Any CPU.Build.0 = Release|Any CPU
		{24AF3E97-0817-4CBB-A471-15A9FA4004C3}.Release|Mixed Platforms.ActiveCfg = Release|Any CPU
		{24AF3E97-0817-4CBB-A471-15A9FA4004C3}.Release|Mixed Platforms.Build.0 = Release|Any CPU
		{24AF3E97-0817-4CBB-A471-15A9FA4004C3}.Release|x86.ActiveCfg = Release|Any CPU
		{24AF3E97-0817-4CBB-A471-15A9FA4004C3}.Release|x86.Build.0 = Release|Any CPU
		{B870D352-1A4C-4DE0-BA8F-546DF112A6CA}.Debug|Any CPU.ActiveCfg = Debug|Any CPU
		{B870D352-1A4C-4DE0-BA8F-546DF112A6CA}.Debug|Any CPU.Build.0 = Debug|Any CPU
		{B870D352-1A4C-4DE0-BA8F-546DF112A6CA}.Debug|Mixed Platforms.ActiveCfg = Debug|Any CPU
		{B870D352-1A4C-4DE0-BA8F-546DF112A6CA}.Debug|Mixed Platforms.Build.0 = Debug|Any CPU
		{B870D352-1A4C-4DE0-BA8F-546DF112A6CA}.Debug|x86.ActiveCfg = Debug|Any CPU
		{B870D352-1A4C-4DE0-BA8F-546DF112A6CA}.Debug|x86.Build.0 = Debug|Any CPU
		{B870D352-1A4C-4DE0-BA8F-546DF112A6CA}.Release|Any CPU.ActiveCfg = Release|Any CPU
		{B870D352-1A4C-4DE0-BA8F-546DF112A6CA}.Release|Any CPU.Build.0 = Release|Any CPU
		{B870D352-1A4C-4DE0-BA8F-546DF112A6CA}.Release|Mixed Platforms.ActiveCfg = Release|Any CPU
		{B870D352-1A4C-4DE0-BA8F-546DF112A6CA}.Release|Mixed Platforms.Build.0 = Release|Any CPU
		{B870D352-1A4C-4DE0-BA8F-546DF112A6CA}.Release|x86.ActiveCfg = Release|Any CPU
		{B870D352-1A4C-4DE0-BA8F-546DF112A6CA}.Release|x86.Build.0 = Release|Any CPU
		{11BD0E0A-A344-418D-8F2F-3B082FA69677}.Debug|Any CPU.ActiveCfg = Debug|Any CPU
		{11BD0E0A-A344-418D-8F2F-3B082FA69677}.Debug|Any CPU.Build.0 = Debug|Any CPU
		{11BD0E0A-A344-418D-8F2F-3B082FA69677}.Debug|Mixed Platforms.ActiveCfg = Debug|Any CPU
		{11BD0E0A-A344-418D-8F2F-3B082FA69677}.Debug|Mixed Platforms.Build.0 = Debug|Any CPU
		{11BD0E0A-A344-418D-8F2F-3B082FA69677}.Debug|x86.ActiveCfg = Debug|Any CPU
		{11BD0E0A-A344-418D-8F2F-3B082FA69677}.Debug|x86.Build.0 = Debug|Any CPU
		{11BD0E0A-A344-418D-8F2F-3B082FA69677}.Release|Any CPU.ActiveCfg = Release|Any CPU
		{11BD0E0A-A344-418D-8F2F-3B082FA69677}.Release|Any CPU.Build.0 = Release|Any CPU
		{11BD0E0A-A344-418D-8F2F-3B082FA69677}.Release|Mixed Platforms.ActiveCfg = Release|Any CPU
		{11BD0E0A-A344-418D-8F2F-3B082FA69677}.Release|Mixed Platforms.Build.0 = Release|Any CPU
		{11BD0E0A-A344-418D-8F2F-3B082FA69677}.Release|x86.ActiveCfg = Release|Any CPU
		{11BD0E0A-A344-418D-8F2F-3B082FA69677}.Release|x86.Build.0 = Release|Any CPU
		{A0EDE97D-50D9-451C-BB0F-3A5CB95CCDA3}.Debug|Any CPU.ActiveCfg = Debug|Any CPU
		{A0EDE97D-50D9-451C-BB0F-3A5CB95CCDA3}.Debug|Any CPU.Build.0 = Debug|Any CPU
		{A0EDE97D-50D9-451C-BB0F-3A5CB95CCDA3}.Debug|Mixed Platforms.ActiveCfg = Debug|Any CPU
		{A0EDE97D-50D9-451C-BB0F-3A5CB95CCDA3}.Debug|Mixed Platforms.Build.0 = Debug|Any CPU
		{A0EDE97D-50D9-451C-BB0F-3A5CB95CCDA3}.Debug|x86.ActiveCfg = Debug|Any CPU
		{A0EDE97D-50D9-451C-BB0F-3A5CB95CCDA3}.Debug|x86.Build.0 = Debug|Any CPU
		{A0EDE97D-50D9-451C-BB0F-3A5CB95CCDA3}.Release|Any CPU.ActiveCfg = Release|Any CPU
		{A0EDE97D-50D9-451C-BB0F-3A5CB95CCDA3}.Release|Any CPU.Build.0 = Release|Any CPU
		{A0EDE97D-50D9-451C-BB0F-3A5CB95CCDA3}.Release|Mixed Platforms.ActiveCfg = Release|Any CPU
		{A0EDE97D-50D9-451C-BB0F-3A5CB95CCDA3}.Release|Mixed Platforms.Build.0 = Release|Any CPU
		{A0EDE97D-50D9-451C-BB0F-3A5CB95CCDA3}.Release|x86.ActiveCfg = Release|Any CPU
		{A0EDE97D-50D9-451C-BB0F-3A5CB95CCDA3}.Release|x86.Build.0 = Release|Any CPU
		{0C10A04C-EA94-4FC7-AC84-CBC0E6E4629F}.Debug|Any CPU.ActiveCfg = Debug|Any CPU
		{0C10A04C-EA94-4FC7-AC84-CBC0E6E4629F}.Debug|Any CPU.Build.0 = Debug|Any CPU
		{0C10A04C-EA94-4FC7-AC84-CBC0E6E4629F}.Debug|Mixed Platforms.ActiveCfg = Debug|Any CPU
		{0C10A04C-EA94-4FC7-AC84-CBC0E6E4629F}.Debug|Mixed Platforms.Build.0 = Debug|Any CPU
		{0C10A04C-EA94-4FC7-AC84-CBC0E6E4629F}.Debug|x86.ActiveCfg = Debug|Any CPU
		{0C10A04C-EA94-4FC7-AC84-CBC0E6E4629F}.Debug|x86.Build.0 = Debug|Any CPU
		{0C10A04C-EA94-4FC7-AC84-CBC0E6E4629F}.Release|Any CPU.ActiveCfg = Release|Any CPU
		{0C10A04C-EA94-4FC7-AC84-CBC0E6E4629F}.Release|Any CPU.Build.0 = Release|Any CPU
		{0C10A04C-EA94-4FC7-AC84-CBC0E6E4629F}.Release|Mixed Platforms.ActiveCfg = Release|Any CPU
		{0C10A04C-EA94-4FC7-AC84-CBC0E6E4629F}.Release|Mixed Platforms.Build.0 = Release|Any CPU
		{0C10A04C-EA94-4FC7-AC84-CBC0E6E4629F}.Release|x86.ActiveCfg = Release|Any CPU
		{0C10A04C-EA94-4FC7-AC84-CBC0E6E4629F}.Release|x86.Build.0 = Release|Any CPU
		{CE614CA3-A9B3-4DA5-8911-9B47497B47EB}.Debug|Any CPU.ActiveCfg = Debug|Any CPU
		{CE614CA3-A9B3-4DA5-8911-9B47497B47EB}.Debug|Any CPU.Build.0 = Debug|Any CPU
		{CE614CA3-A9B3-4DA5-8911-9B47497B47EB}.Debug|Mixed Platforms.ActiveCfg = Debug|Any CPU
		{CE614CA3-A9B3-4DA5-8911-9B47497B47EB}.Debug|Mixed Platforms.Build.0 = Debug|Any CPU
		{CE614CA3-A9B3-4DA5-8911-9B47497B47EB}.Debug|x86.ActiveCfg = Debug|Any CPU
		{CE614CA3-A9B3-4DA5-8911-9B47497B47EB}.Debug|x86.Build.0 = Debug|Any CPU
		{CE614CA3-A9B3-4DA5-8911-9B47497B47EB}.Release|Any CPU.ActiveCfg = Release|Any CPU
		{CE614CA3-A9B3-4DA5-8911-9B47497B47EB}.Release|Any CPU.Build.0 = Release|Any CPU
		{CE614CA3-A9B3-4DA5-8911-9B47497B47EB}.Release|Mixed Platforms.ActiveCfg = Release|Any CPU
		{CE614CA3-A9B3-4DA5-8911-9B47497B47EB}.Release|Mixed Platforms.Build.0 = Release|Any CPU
		{CE614CA3-A9B3-4DA5-8911-9B47497B47EB}.Release|x86.ActiveCfg = Release|Any CPU
		{CE614CA3-A9B3-4DA5-8911-9B47497B47EB}.Release|x86.Build.0 = Release|Any CPU
		{C840FA0B-ED8D-4F17-8054-E038D30B48BA}.Debug|Any CPU.ActiveCfg = Debug|Any CPU
		{C840FA0B-ED8D-4F17-8054-E038D30B48BA}.Debug|Any CPU.Build.0 = Debug|Any CPU
		{C840FA0B-ED8D-4F17-8054-E038D30B48BA}.Debug|Mixed Platforms.ActiveCfg = Debug|Any CPU
		{C840FA0B-ED8D-4F17-8054-E038D30B48BA}.Debug|Mixed Platforms.Build.0 = Debug|Any CPU
		{C840FA0B-ED8D-4F17-8054-E038D30B48BA}.Debug|x86.ActiveCfg = Debug|Any CPU
		{C840FA0B-ED8D-4F17-8054-E038D30B48BA}.Debug|x86.Build.0 = Debug|Any CPU
		{C840FA0B-ED8D-4F17-8054-E038D30B48BA}.Release|Any CPU.ActiveCfg = Release|Any CPU
		{C840FA0B-ED8D-4F17-8054-E038D30B48BA}.Release|Any CPU.Build.0 = Release|Any CPU
		{C840FA0B-ED8D-4F17-8054-E038D30B48BA}.Release|Mixed Platforms.ActiveCfg = Release|Any CPU
		{C840FA0B-ED8D-4F17-8054-E038D30B48BA}.Release|Mixed Platforms.Build.0 = Release|Any CPU
		{C840FA0B-ED8D-4F17-8054-E038D30B48BA}.Release|x86.ActiveCfg = Release|Any CPU
		{C840FA0B-ED8D-4F17-8054-E038D30B48BA}.Release|x86.Build.0 = Release|Any CPU
	EndGlobalSection
	GlobalSection(SolutionProperties) = preSolution
		HideSolutionNode = FALSE
	EndGlobalSection
	GlobalSection(NestedProjects) = preSolution
		{37E93CF1-6BDD-4ADF-94C7-0BF46AF71253} = {6CCD23AF-807F-4E8A-9456-1788F2C89E81}
		{262BE29F-B360-42CA-83FE-F2910CC6500B} = {65690702-547D-4AD3-AA2E-7BA59AB15095}
		{1B229168-2C13-46E6-87D1-42DFA82E36EE} = {6CCD23AF-807F-4E8A-9456-1788F2C89E81}
		{B870D352-1A4C-4DE0-BA8F-546DF112A6CA} = {65690702-547D-4AD3-AA2E-7BA59AB15095}
		{11BD0E0A-A344-418D-8F2F-3B082FA69677} = {6CCD23AF-807F-4E8A-9456-1788F2C89E81}
		{CE614CA3-A9B3-4DA5-8911-9B47497B47EB} = {65690702-547D-4AD3-AA2E-7BA59AB15095}
		{C840FA0B-ED8D-4F17-8054-E038D30B48BA} = {6CCD23AF-807F-4E8A-9456-1788F2C89E81}
	EndGlobalSection
	GlobalSection(ExtensibilityGlobals) = postSolution
		SolutionGuid = {2E96C538-269F-44FA-A18D-666AAB1AC0B9}
	EndGlobalSection
EndGlobal
