
Microsoft Visual Studio Solution File, Format Version 12.00
# Visual Studio 2013
VisualStudioVersion = 12.0.30723.0
MinimumVisualStudioVersion = 10.0.40219.1
Project("{FAE04EC0-301F-11D3-BF4B-00C04F79EFBC}") = "NKnife", "NKnife\NKnife.csproj", "{266FCF12-D8F4-402C-BD7E-FC1DF5F6A0BF}"
EndProject
Project("{FAE04EC0-301F-11D3-BF4B-00C04F79EFBC}") = "NKnife.UnitTests", "UnitTests\NKnife.UnitTests\NKnife.UnitTests.csproj", "{37E93CF1-6BDD-4ADF-94C7-0BF46AF71253}"
EndProject
Project("{FAE04EC0-301F-11D3-BF4B-00C04F79EFBC}") = "NKnife.StarterKit", "NKnife.StarterKit\NKnife.StarterKit.csproj", "{BFC7CF57-92D4-4950-B926-8606EC571395}"
EndProject
Project("{2150E333-8FDC-42A3-9474-1A3956D46DE8}") = ".nuget", ".nuget", "{B05220AF-877B-4D85-88CD-151A4D4471B8}"
	ProjectSection(SolutionItems) = preProject
		.nuget\NuGet.Config = .nuget\NuGet.Config
		.nuget\NuGet.exe = .nuget\NuGet.exe
		.nuget\NuGet.targets = .nuget\NuGet.targets
	EndProjectSection
EndProject
Project("{FAE04EC0-301F-11D3-BF4B-00C04F79EFBC}") = "NKnife.Compress", "NKnife.Compress\NKnife.Compress.csproj", "{ACF8BB89-EDE4-433E-BF14-7A9F499D39E8}"
EndProject
Project("{FAE04EC0-301F-11D3-BF4B-00C04F79EFBC}") = "NKnife.Socket", "NKnife.Socket\NKnife.Socket.csproj", "{F3299AC1-2D25-4B91-A4D9-F9C1AB6F0825}"
EndProject
Project("{FAE04EC0-301F-11D3-BF4B-00C04F79EFBC}") = "NKnife.Draws", "NKnife.Draws\NKnife.Draws.csproj", "{48DCFEA4-948A-45F8-8FA5-010A1E095C19}"
EndProject
Project("{2150E333-8FDC-42A3-9474-1A3956D46DE8}") = "App", "App", "{3E8AAA2A-1E43-4A05-ACAB-700901E88589}"
EndProject
Project("{FAE04EC0-301F-11D3-BF4B-00C04F79EFBC}") = "NKnife.App.EinsteinPuzzle", "App.Misc\NKnife.App.EinsteinPuzzle\NKnife.App.EinsteinPuzzle.csproj", "{34214F52-DA1F-4571-B717-F279942DD53C}"
EndProject
Project("{FAE04EC0-301F-11D3-BF4B-00C04F79EFBC}") = "NKnife.App.Ele.ResistanceValueCombiner", "App.Misc\NKnife.App.Ele.ResistanceValueCombiner\NKnife.App.Ele.ResistanceValueCombiner.csproj", "{260137D2-3427-49AC-B4C7-1F040937572A}"
EndProject
Project("{FAE04EC0-301F-11D3-BF4B-00C04F79EFBC}") = "NKnife.App.MathsExercise", "App.Misc\NKnife.App.MathsExercise\NKnife.App.MathsExercise.csproj", "{3833F0B2-D74D-44D7-9358-F7EC6145DFC6}"
EndProject
Project("{FAE04EC0-301F-11D3-BF4B-00C04F79EFBC}") = "NKnife.App.Robot.CubeOctopus", "App.Misc\NKnife.App.Robot.CubeOctopus\NKnife.App.Robot.CubeOctopus.csproj", "{45F2128D-547E-457A-A788-7BE662D4B072}"
EndProject
Project("{FAE04EC0-301F-11D3-BF4B-00C04F79EFBC}") = "NKnife.App.Sudoku", "App.Misc\NKnife.App.Sudoku\NKnife.App.Sudoku.csproj", "{A7EABE2D-7EAC-4DDE-9647-0023858C79B3}"
EndProject
Project("{FAE04EC0-301F-11D3-BF4B-00C04F79EFBC}") = "NKnife.App.UpdateAssemblyInfo", "App.Misc\NKnife.App.UpdateAssemblyInfo\NKnife.App.UpdateAssemblyInfo.csproj", "{8417C17C-9272-4AB2-95BC-EF816A491C46}"
EndProject
Project("{FAE04EC0-301F-11D3-BF4B-00C04F79EFBC}") = "NKnife.App.XPath", "App.Misc\NKnife.App.XPath\NKnife.App.XPath.csproj", "{F6C60CC2-286E-456B-B176-14C253328925}"
EndProject
Project("{FAE04EC0-301F-11D3-BF4B-00C04F79EFBC}") = "NKnife.NLog3", "NKnife.NLog3\NKnife.NLog3.csproj", "{3D1D08D2-46B0-4C33-A214-A5A76A998102}"
EndProject
Global
	GlobalSection(SolutionConfigurationPlatforms) = preSolution
		Debug|Any CPU = Debug|Any CPU
		Debug|Mixed Platforms = Debug|Mixed Platforms
		Debug|x86 = Debug|x86
		Release|Any CPU = Release|Any CPU
		Release|Mixed Platforms = Release|Mixed Platforms
		Release|x86 = Release|x86
	EndGlobalSection
	GlobalSection(ProjectConfigurationPlatforms) = postSolution
		{266FCF12-D8F4-402C-BD7E-FC1DF5F6A0BF}.Debug|Any CPU.ActiveCfg = Debug|Any CPU
		{266FCF12-D8F4-402C-BD7E-FC1DF5F6A0BF}.Debug|Any CPU.Build.0 = Debug|Any CPU
		{266FCF12-D8F4-402C-BD7E-FC1DF5F6A0BF}.Debug|Mixed Platforms.ActiveCfg = Debug|Any CPU
		{266FCF12-D8F4-402C-BD7E-FC1DF5F6A0BF}.Debug|Mixed Platforms.Build.0 = Debug|Any CPU
		{266FCF12-D8F4-402C-BD7E-FC1DF5F6A0BF}.Debug|x86.ActiveCfg = Debug|Any CPU
		{266FCF12-D8F4-402C-BD7E-FC1DF5F6A0BF}.Release|Any CPU.ActiveCfg = Release|Any CPU
		{266FCF12-D8F4-402C-BD7E-FC1DF5F6A0BF}.Release|Any CPU.Build.0 = Release|Any CPU
		{266FCF12-D8F4-402C-BD7E-FC1DF5F6A0BF}.Release|Mixed Platforms.ActiveCfg = Release|Any CPU
		{266FCF12-D8F4-402C-BD7E-FC1DF5F6A0BF}.Release|Mixed Platforms.Build.0 = Release|Any CPU
		{266FCF12-D8F4-402C-BD7E-FC1DF5F6A0BF}.Release|x86.ActiveCfg = Release|Any CPU
		{37E93CF1-6BDD-4ADF-94C7-0BF46AF71253}.Debug|Any CPU.ActiveCfg = Debug|Any CPU
		{37E93CF1-6BDD-4ADF-94C7-0BF46AF71253}.Debug|Any CPU.Build.0 = Debug|Any CPU
		{37E93CF1-6BDD-4ADF-94C7-0BF46AF71253}.Debug|Mixed Platforms.ActiveCfg = Debug|Any CPU
		{37E93CF1-6BDD-4ADF-94C7-0BF46AF71253}.Debug|Mixed Platforms.Build.0 = Debug|Any CPU
		{37E93CF1-6BDD-4ADF-94C7-0BF46AF71253}.Debug|x86.ActiveCfg = Debug|Any CPU
		{37E93CF1-6BDD-4ADF-94C7-0BF46AF71253}.Release|Any CPU.ActiveCfg = Release|Any CPU
		{37E93CF1-6BDD-4ADF-94C7-0BF46AF71253}.Release|Any CPU.Build.0 = Release|Any CPU
		{37E93CF1-6BDD-4ADF-94C7-0BF46AF71253}.Release|Mixed Platforms.ActiveCfg = Release|Any CPU
		{37E93CF1-6BDD-4ADF-94C7-0BF46AF71253}.Release|Mixed Platforms.Build.0 = Release|Any CPU
		{37E93CF1-6BDD-4ADF-94C7-0BF46AF71253}.Release|x86.ActiveCfg = Release|Any CPU
		{BFC7CF57-92D4-4950-B926-8606EC571395}.Debug|Any CPU.ActiveCfg = Debug|Any CPU
		{BFC7CF57-92D4-4950-B926-8606EC571395}.Debug|Any CPU.Build.0 = Debug|Any CPU
		{BFC7CF57-92D4-4950-B926-8606EC571395}.Debug|Mixed Platforms.ActiveCfg = Debug|Any CPU
		{BFC7CF57-92D4-4950-B926-8606EC571395}.Debug|Mixed Platforms.Build.0 = Debug|Any CPU
		{BFC7CF57-92D4-4950-B926-8606EC571395}.Debug|x86.ActiveCfg = Debug|Any CPU
		{BFC7CF57-92D4-4950-B926-8606EC571395}.Release|Any CPU.ActiveCfg = Release|Any CPU
		{BFC7CF57-92D4-4950-B926-8606EC571395}.Release|Any CPU.Build.0 = Release|Any CPU
		{BFC7CF57-92D4-4950-B926-8606EC571395}.Release|Mixed Platforms.ActiveCfg = Release|Any CPU
		{BFC7CF57-92D4-4950-B926-8606EC571395}.Release|Mixed Platforms.Build.0 = Release|Any CPU
		{BFC7CF57-92D4-4950-B926-8606EC571395}.Release|x86.ActiveCfg = Release|Any CPU
		{ACF8BB89-EDE4-433E-BF14-7A9F499D39E8}.Debug|Any CPU.ActiveCfg = Debug|Any CPU
		{ACF8BB89-EDE4-433E-BF14-7A9F499D39E8}.Debug|Any CPU.Build.0 = Debug|Any CPU
		{ACF8BB89-EDE4-433E-BF14-7A9F499D39E8}.Debug|Mixed Platforms.ActiveCfg = Debug|Any CPU
		{ACF8BB89-EDE4-433E-BF14-7A9F499D39E8}.Debug|Mixed Platforms.Build.0 = Debug|Any CPU
		{ACF8BB89-EDE4-433E-BF14-7A9F499D39E8}.Debug|x86.ActiveCfg = Debug|Any CPU
		{ACF8BB89-EDE4-433E-BF14-7A9F499D39E8}.Release|Any CPU.ActiveCfg = Release|Any CPU
		{ACF8BB89-EDE4-433E-BF14-7A9F499D39E8}.Release|Any CPU.Build.0 = Release|Any CPU
		{ACF8BB89-EDE4-433E-BF14-7A9F499D39E8}.Release|Mixed Platforms.ActiveCfg = Release|Any CPU
		{ACF8BB89-EDE4-433E-BF14-7A9F499D39E8}.Release|Mixed Platforms.Build.0 = Release|Any CPU
		{ACF8BB89-EDE4-433E-BF14-7A9F499D39E8}.Release|x86.ActiveCfg = Release|Any CPU
		{F3299AC1-2D25-4B91-A4D9-F9C1AB6F0825}.Debug|Any CPU.ActiveCfg = Debug|Any CPU
		{F3299AC1-2D25-4B91-A4D9-F9C1AB6F0825}.Debug|Any CPU.Build.0 = Debug|Any CPU
		{F3299AC1-2D25-4B91-A4D9-F9C1AB6F0825}.Debug|Mixed Platforms.ActiveCfg = Debug|Any CPU
		{F3299AC1-2D25-4B91-A4D9-F9C1AB6F0825}.Debug|Mixed Platforms.Build.0 = Debug|Any CPU
		{F3299AC1-2D25-4B91-A4D9-F9C1AB6F0825}.Debug|x86.ActiveCfg = Debug|Any CPU
		{F3299AC1-2D25-4B91-A4D9-F9C1AB6F0825}.Release|Any CPU.ActiveCfg = Release|Any CPU
		{F3299AC1-2D25-4B91-A4D9-F9C1AB6F0825}.Release|Any CPU.Build.0 = Release|Any CPU
		{F3299AC1-2D25-4B91-A4D9-F9C1AB6F0825}.Release|Mixed Platforms.ActiveCfg = Release|Any CPU
		{F3299AC1-2D25-4B91-A4D9-F9C1AB6F0825}.Release|Mixed Platforms.Build.0 = Release|Any CPU
		{F3299AC1-2D25-4B91-A4D9-F9C1AB6F0825}.Release|x86.ActiveCfg = Release|Any CPU
		{48DCFEA4-948A-45F8-8FA5-010A1E095C19}.Debug|Any CPU.ActiveCfg = Debug|Any CPU
		{48DCFEA4-948A-45F8-8FA5-010A1E095C19}.Debug|Any CPU.Build.0 = Debug|Any CPU
		{48DCFEA4-948A-45F8-8FA5-010A1E095C19}.Debug|Mixed Platforms.ActiveCfg = Debug|Any CPU
		{48DCFEA4-948A-45F8-8FA5-010A1E095C19}.Debug|Mixed Platforms.Build.0 = Debug|Any CPU
		{48DCFEA4-948A-45F8-8FA5-010A1E095C19}.Debug|x86.ActiveCfg = Debug|Any CPU
		{48DCFEA4-948A-45F8-8FA5-010A1E095C19}.Release|Any CPU.ActiveCfg = Release|Any CPU
		{48DCFEA4-948A-45F8-8FA5-010A1E095C19}.Release|Any CPU.Build.0 = Release|Any CPU
		{48DCFEA4-948A-45F8-8FA5-010A1E095C19}.Release|Mixed Platforms.ActiveCfg = Release|Any CPU
		{48DCFEA4-948A-45F8-8FA5-010A1E095C19}.Release|Mixed Platforms.Build.0 = Release|Any CPU
		{48DCFEA4-948A-45F8-8FA5-010A1E095C19}.Release|x86.ActiveCfg = Release|Any CPU
		{34214F52-DA1F-4571-B717-F279942DD53C}.Debug|Any CPU.ActiveCfg = Debug|Any CPU
		{34214F52-DA1F-4571-B717-F279942DD53C}.Debug|Any CPU.Build.0 = Debug|Any CPU
		{34214F52-DA1F-4571-B717-F279942DD53C}.Debug|Mixed Platforms.ActiveCfg = Debug|Any CPU
		{34214F52-DA1F-4571-B717-F279942DD53C}.Debug|Mixed Platforms.Build.0 = Debug|Any CPU
		{34214F52-DA1F-4571-B717-F279942DD53C}.Debug|x86.ActiveCfg = Debug|Any CPU
		{34214F52-DA1F-4571-B717-F279942DD53C}.Release|Any CPU.ActiveCfg = Release|Any CPU
		{34214F52-DA1F-4571-B717-F279942DD53C}.Release|Any CPU.Build.0 = Release|Any CPU
		{34214F52-DA1F-4571-B717-F279942DD53C}.Release|Mixed Platforms.ActiveCfg = Release|Any CPU
		{34214F52-DA1F-4571-B717-F279942DD53C}.Release|Mixed Platforms.Build.0 = Release|Any CPU
		{34214F52-DA1F-4571-B717-F279942DD53C}.Release|x86.ActiveCfg = Release|Any CPU
		{260137D2-3427-49AC-B4C7-1F040937572A}.Debug|Any CPU.ActiveCfg = Debug|Any CPU
		{260137D2-3427-49AC-B4C7-1F040937572A}.Debug|Any CPU.Build.0 = Debug|Any CPU
		{260137D2-3427-49AC-B4C7-1F040937572A}.Debug|Mixed Platforms.ActiveCfg = Debug|Any CPU
		{260137D2-3427-49AC-B4C7-1F040937572A}.Debug|Mixed Platforms.Build.0 = Debug|Any CPU
		{260137D2-3427-49AC-B4C7-1F040937572A}.Debug|x86.ActiveCfg = Debug|Any CPU
		{260137D2-3427-49AC-B4C7-1F040937572A}.Release|Any CPU.ActiveCfg = Release|Any CPU
		{260137D2-3427-49AC-B4C7-1F040937572A}.Release|Any CPU.Build.0 = Release|Any CPU
		{260137D2-3427-49AC-B4C7-1F040937572A}.Release|Mixed Platforms.ActiveCfg = Release|Any CPU
		{260137D2-3427-49AC-B4C7-1F040937572A}.Release|Mixed Platforms.Build.0 = Release|Any CPU
		{260137D2-3427-49AC-B4C7-1F040937572A}.Release|x86.ActiveCfg = Release|Any CPU
		{3833F0B2-D74D-44D7-9358-F7EC6145DFC6}.Debug|Any CPU.ActiveCfg = Debug|Any CPU
		{3833F0B2-D74D-44D7-9358-F7EC6145DFC6}.Debug|Any CPU.Build.0 = Debug|Any CPU
		{3833F0B2-D74D-44D7-9358-F7EC6145DFC6}.Debug|Mixed Platforms.ActiveCfg = Debug|Any CPU
		{3833F0B2-D74D-44D7-9358-F7EC6145DFC6}.Debug|Mixed Platforms.Build.0 = Debug|Any CPU
		{3833F0B2-D74D-44D7-9358-F7EC6145DFC6}.Debug|x86.ActiveCfg = Debug|Any CPU
		{3833F0B2-D74D-44D7-9358-F7EC6145DFC6}.Release|Any CPU.ActiveCfg = Release|Any CPU
		{3833F0B2-D74D-44D7-9358-F7EC6145DFC6}.Release|Any CPU.Build.0 = Release|Any CPU
		{3833F0B2-D74D-44D7-9358-F7EC6145DFC6}.Release|Mixed Platforms.ActiveCfg = Release|Any CPU
		{3833F0B2-D74D-44D7-9358-F7EC6145DFC6}.Release|Mixed Platforms.Build.0 = Release|Any CPU
		{3833F0B2-D74D-44D7-9358-F7EC6145DFC6}.Release|x86.ActiveCfg = Release|Any CPU
		{45F2128D-547E-457A-A788-7BE662D4B072}.Debug|Any CPU.ActiveCfg = Debug|Any CPU
		{45F2128D-547E-457A-A788-7BE662D4B072}.Debug|Any CPU.Build.0 = Debug|Any CPU
		{45F2128D-547E-457A-A788-7BE662D4B072}.Debug|Mixed Platforms.ActiveCfg = Debug|Any CPU
		{45F2128D-547E-457A-A788-7BE662D4B072}.Debug|Mixed Platforms.Build.0 = Debug|Any CPU
		{45F2128D-547E-457A-A788-7BE662D4B072}.Debug|x86.ActiveCfg = Debug|Any CPU
		{45F2128D-547E-457A-A788-7BE662D4B072}.Release|Any CPU.ActiveCfg = Release|Any CPU
		{45F2128D-547E-457A-A788-7BE662D4B072}.Release|Any CPU.Build.0 = Release|Any CPU
		{45F2128D-547E-457A-A788-7BE662D4B072}.Release|Mixed Platforms.ActiveCfg = Release|Any CPU
		{45F2128D-547E-457A-A788-7BE662D4B072}.Release|Mixed Platforms.Build.0 = Release|Any CPU
		{45F2128D-547E-457A-A788-7BE662D4B072}.Release|x86.ActiveCfg = Release|Any CPU
		{A7EABE2D-7EAC-4DDE-9647-0023858C79B3}.Debug|Any CPU.ActiveCfg = Debug|Any CPU
		{A7EABE2D-7EAC-4DDE-9647-0023858C79B3}.Debug|Any CPU.Build.0 = Debug|Any CPU
		{A7EABE2D-7EAC-4DDE-9647-0023858C79B3}.Debug|Mixed Platforms.ActiveCfg = Debug|Any CPU
		{A7EABE2D-7EAC-4DDE-9647-0023858C79B3}.Debug|Mixed Platforms.Build.0 = Debug|Any CPU
		{A7EABE2D-7EAC-4DDE-9647-0023858C79B3}.Debug|x86.ActiveCfg = Debug|Any CPU
		{A7EABE2D-7EAC-4DDE-9647-0023858C79B3}.Release|Any CPU.ActiveCfg = Release|Any CPU
		{A7EABE2D-7EAC-4DDE-9647-0023858C79B3}.Release|Any CPU.Build.0 = Release|Any CPU
		{A7EABE2D-7EAC-4DDE-9647-0023858C79B3}.Release|Mixed Platforms.ActiveCfg = Release|Any CPU
		{A7EABE2D-7EAC-4DDE-9647-0023858C79B3}.Release|Mixed Platforms.Build.0 = Release|Any CPU
		{A7EABE2D-7EAC-4DDE-9647-0023858C79B3}.Release|x86.ActiveCfg = Release|Any CPU
		{8417C17C-9272-4AB2-95BC-EF816A491C46}.Debug|Any CPU.ActiveCfg = Debug|x86
		{8417C17C-9272-4AB2-95BC-EF816A491C46}.Debug|Mixed Platforms.ActiveCfg = Debug|x86
		{8417C17C-9272-4AB2-95BC-EF816A491C46}.Debug|Mixed Platforms.Build.0 = Debug|x86
		{8417C17C-9272-4AB2-95BC-EF816A491C46}.Debug|x86.ActiveCfg = Debug|x86
		{8417C17C-9272-4AB2-95BC-EF816A491C46}.Debug|x86.Build.0 = Debug|x86
		{8417C17C-9272-4AB2-95BC-EF816A491C46}.Release|Any CPU.ActiveCfg = Release|x86
		{8417C17C-9272-4AB2-95BC-EF816A491C46}.Release|Mixed Platforms.ActiveCfg = Release|x86
		{8417C17C-9272-4AB2-95BC-EF816A491C46}.Release|Mixed Platforms.Build.0 = Release|x86
		{8417C17C-9272-4AB2-95BC-EF816A491C46}.Release|x86.ActiveCfg = Release|x86
		{8417C17C-9272-4AB2-95BC-EF816A491C46}.Release|x86.Build.0 = Release|x86
		{F6C60CC2-286E-456B-B176-14C253328925}.Debug|Any CPU.ActiveCfg = Debug|Any CPU
		{F6C60CC2-286E-456B-B176-14C253328925}.Debug|Any CPU.Build.0 = Debug|Any CPU
		{F6C60CC2-286E-456B-B176-14C253328925}.Debug|Mixed Platforms.ActiveCfg = Debug|Any CPU
		{F6C60CC2-286E-456B-B176-14C253328925}.Debug|Mixed Platforms.Build.0 = Debug|Any CPU
		{F6C60CC2-286E-456B-B176-14C253328925}.Debug|x86.ActiveCfg = Debug|Any CPU
		{F6C60CC2-286E-456B-B176-14C253328925}.Release|Any CPU.ActiveCfg = Release|Any CPU
		{F6C60CC2-286E-456B-B176-14C253328925}.Release|Any CPU.Build.0 = Release|Any CPU
		{F6C60CC2-286E-456B-B176-14C253328925}.Release|Mixed Platforms.ActiveCfg = Release|Any CPU
		{F6C60CC2-286E-456B-B176-14C253328925}.Release|Mixed Platforms.Build.0 = Release|Any CPU
		{F6C60CC2-286E-456B-B176-14C253328925}.Release|x86.ActiveCfg = Release|Any CPU
		{3D1D08D2-46B0-4C33-A214-A5A76A998102}.Debug|Any CPU.ActiveCfg = Debug|Any CPU
		{3D1D08D2-46B0-4C33-A214-A5A76A998102}.Debug|Any CPU.Build.0 = Debug|Any CPU
		{3D1D08D2-46B0-4C33-A214-A5A76A998102}.Debug|Mixed Platforms.ActiveCfg = Debug|Any CPU
		{3D1D08D2-46B0-4C33-A214-A5A76A998102}.Debug|Mixed Platforms.Build.0 = Debug|Any CPU
		{3D1D08D2-46B0-4C33-A214-A5A76A998102}.Debug|x86.ActiveCfg = Debug|Any CPU
		{3D1D08D2-46B0-4C33-A214-A5A76A998102}.Release|Any CPU.ActiveCfg = Release|Any CPU
		{3D1D08D2-46B0-4C33-A214-A5A76A998102}.Release|Any CPU.Build.0 = Release|Any CPU
		{3D1D08D2-46B0-4C33-A214-A5A76A998102}.Release|Mixed Platforms.ActiveCfg = Release|Any CPU
		{3D1D08D2-46B0-4C33-A214-A5A76A998102}.Release|Mixed Platforms.Build.0 = Release|Any CPU
		{3D1D08D2-46B0-4C33-A214-A5A76A998102}.Release|x86.ActiveCfg = Release|Any CPU
	EndGlobalSection
	GlobalSection(SolutionProperties) = preSolution
		HideSolutionNode = FALSE
	EndGlobalSection
	GlobalSection(NestedProjects) = preSolution
		{34214F52-DA1F-4571-B717-F279942DD53C} = {3E8AAA2A-1E43-4A05-ACAB-700901E88589}
		{260137D2-3427-49AC-B4C7-1F040937572A} = {3E8AAA2A-1E43-4A05-ACAB-700901E88589}
		{3833F0B2-D74D-44D7-9358-F7EC6145DFC6} = {3E8AAA2A-1E43-4A05-ACAB-700901E88589}
		{45F2128D-547E-457A-A788-7BE662D4B072} = {3E8AAA2A-1E43-4A05-ACAB-700901E88589}
		{A7EABE2D-7EAC-4DDE-9647-0023858C79B3} = {3E8AAA2A-1E43-4A05-ACAB-700901E88589}
		{8417C17C-9272-4AB2-95BC-EF816A491C46} = {3E8AAA2A-1E43-4A05-ACAB-700901E88589}
		{F6C60CC2-286E-456B-B176-14C253328925} = {3E8AAA2A-1E43-4A05-ACAB-700901E88589}
	EndGlobalSection
EndGlobal
