
Microsoft Visual Studio Solution File, Format Version 12.00
# Visual Studio 15
VisualStudioVersion = 15.0.26430.13
MinimumVisualStudioVersion = 10.0.40219.1
Project("{FAE04EC0-301F-11D3-BF4B-00C04F79EFBC}") = "NKnife.Channels", "NKnife.Channels\NKnife.Channels.csproj", "{A0EDE97D-50D9-451C-BB0F-3A5CB95CCDA3}"
EndProject
Project("{FAE04EC0-301F-11D3-BF4B-00C04F79EFBC}") = "NKnife", "NKnife\NKnife.csproj", "{266FCF12-D8F4-402C-BD7E-FC1DF5F6A0BF}"
EndProject
Project("{FAE04EC0-301F-11D3-BF4B-00C04F79EFBC}") = "NKnife.Channels.Unittests", "UnitTests\NKnife.Channels.Unittests\NKnife.Channels.Unittests.csproj", "{5D11FB61-B08F-43A3-94D6-87B7B8C6EAD6}"
EndProject
Project("{2150E333-8FDC-42A3-9474-1A3956D46DE8}") = "Kit", "Kit", "{A5B844A6-754F-45AF-B90A-C9B76488BB97}"
EndProject
Project("{FAE04EC0-301F-11D3-BF4B-00C04F79EFBC}") = "NKnife.Kits.ChannelKit-A", "Kits\NKnife.Kits.ChannelKit\NKnife.Kits.ChannelKit-A\NKnife.Kits.ChannelKit-A.csproj", "{CE614CA3-A9B3-4DA5-8911-9B47497B47EB}"
EndProject
Project("{FAE04EC0-301F-11D3-BF4B-00C04F79EFBC}") = "NKnife.Kits.ChannelKit-B", "Kits\NKnife.Kits.ChannelKit\NKnife.Kits.ChannelKit-B\NKnife.Kits.ChannelKit-B.csproj", "{31C04349-DE6D-433F-99AF-A62D1FBB2EAB}"
EndProject
Global
	GlobalSection(SolutionConfigurationPlatforms) = preSolution
		Debug|Any CPU = Debug|Any CPU
		Debug|x64 = Debug|x64
		Debug|x86 = Debug|x86
		Release|Any CPU = Release|Any CPU
		Release|x64 = Release|x64
		Release|x86 = Release|x86
	EndGlobalSection
	GlobalSection(ProjectConfigurationPlatforms) = postSolution
		{A0EDE97D-50D9-451C-BB0F-3A5CB95CCDA3}.Debug|Any CPU.ActiveCfg = Debug|Any CPU
		{A0EDE97D-50D9-451C-BB0F-3A5CB95CCDA3}.Debug|Any CPU.Build.0 = Debug|Any CPU
		{A0EDE97D-50D9-451C-BB0F-3A5CB95CCDA3}.Debug|x64.ActiveCfg = Debug|Any CPU
		{A0EDE97D-50D9-451C-BB0F-3A5CB95CCDA3}.Debug|x64.Build.0 = Debug|Any CPU
		{A0EDE97D-50D9-451C-BB0F-3A5CB95CCDA3}.Debug|x86.ActiveCfg = Debug|Any CPU
		{A0EDE97D-50D9-451C-BB0F-3A5CB95CCDA3}.Debug|x86.Build.0 = Debug|Any CPU
		{A0EDE97D-50D9-451C-BB0F-3A5CB95CCDA3}.Release|Any CPU.ActiveCfg = Release|Any CPU
		{A0EDE97D-50D9-451C-BB0F-3A5CB95CCDA3}.Release|Any CPU.Build.0 = Release|Any CPU
		{A0EDE97D-50D9-451C-BB0F-3A5CB95CCDA3}.Release|x64.ActiveCfg = Release|Any CPU
		{A0EDE97D-50D9-451C-BB0F-3A5CB95CCDA3}.Release|x64.Build.0 = Release|Any CPU
		{A0EDE97D-50D9-451C-BB0F-3A5CB95CCDA3}.Release|x86.ActiveCfg = Release|Any CPU
		{A0EDE97D-50D9-451C-BB0F-3A5CB95CCDA3}.Release|x86.Build.0 = Release|Any CPU
		{266FCF12-D8F4-402C-BD7E-FC1DF5F6A0BF}.Debug|Any CPU.ActiveCfg = Debug|Any CPU
		{266FCF12-D8F4-402C-BD7E-FC1DF5F6A0BF}.Debug|Any CPU.Build.0 = Debug|Any CPU
		{266FCF12-D8F4-402C-BD7E-FC1DF5F6A0BF}.Debug|x64.ActiveCfg = Debug|x64
		{266FCF12-D8F4-402C-BD7E-FC1DF5F6A0BF}.Debug|x64.Build.0 = Debug|x64
		{266FCF12-D8F4-402C-BD7E-FC1DF5F6A0BF}.Debug|x86.ActiveCfg = Debug|x86
		{266FCF12-D8F4-402C-BD7E-FC1DF5F6A0BF}.Debug|x86.Build.0 = Debug|x86
		{266FCF12-D8F4-402C-BD7E-FC1DF5F6A0BF}.Release|Any CPU.ActiveCfg = Release|Any CPU
		{266FCF12-D8F4-402C-BD7E-FC1DF5F6A0BF}.Release|Any CPU.Build.0 = Release|Any CPU
		{266FCF12-D8F4-402C-BD7E-FC1DF5F6A0BF}.Release|x64.ActiveCfg = Release|x64
		{266FCF12-D8F4-402C-BD7E-FC1DF5F6A0BF}.Release|x64.Build.0 = Release|x64
		{266FCF12-D8F4-402C-BD7E-FC1DF5F6A0BF}.Release|x86.ActiveCfg = Release|x86
		{266FCF12-D8F4-402C-BD7E-FC1DF5F6A0BF}.Release|x86.Build.0 = Release|x86
		{5D11FB61-B08F-43A3-94D6-87B7B8C6EAD6}.Debug|Any CPU.ActiveCfg = Debug|Any CPU
		{5D11FB61-B08F-43A3-94D6-87B7B8C6EAD6}.Debug|Any CPU.Build.0 = Debug|Any CPU
		{5D11FB61-B08F-43A3-94D6-87B7B8C6EAD6}.Debug|x64.ActiveCfg = Debug|Any CPU
		{5D11FB61-B08F-43A3-94D6-87B7B8C6EAD6}.Debug|x64.Build.0 = Debug|Any CPU
		{5D11FB61-B08F-43A3-94D6-87B7B8C6EAD6}.Debug|x86.ActiveCfg = Debug|Any CPU
		{5D11FB61-B08F-43A3-94D6-87B7B8C6EAD6}.Debug|x86.Build.0 = Debug|Any CPU
		{5D11FB61-B08F-43A3-94D6-87B7B8C6EAD6}.Release|Any CPU.ActiveCfg = Release|Any CPU
		{5D11FB61-B08F-43A3-94D6-87B7B8C6EAD6}.Release|Any CPU.Build.0 = Release|Any CPU
		{5D11FB61-B08F-43A3-94D6-87B7B8C6EAD6}.Release|x64.ActiveCfg = Release|Any CPU
		{5D11FB61-B08F-43A3-94D6-87B7B8C6EAD6}.Release|x64.Build.0 = Release|Any CPU
		{5D11FB61-B08F-43A3-94D6-87B7B8C6EAD6}.Release|x86.ActiveCfg = Release|Any CPU
		{5D11FB61-B08F-43A3-94D6-87B7B8C6EAD6}.Release|x86.Build.0 = Release|Any CPU
		{CE614CA3-A9B3-4DA5-8911-9B47497B47EB}.Debug|Any CPU.ActiveCfg = Debug|Any CPU
		{CE614CA3-A9B3-4DA5-8911-9B47497B47EB}.Debug|Any CPU.Build.0 = Debug|Any CPU
		{CE614CA3-A9B3-4DA5-8911-9B47497B47EB}.Debug|x64.ActiveCfg = Debug|Any CPU
		{CE614CA3-A9B3-4DA5-8911-9B47497B47EB}.Debug|x64.Build.0 = Debug|Any CPU
		{CE614CA3-A9B3-4DA5-8911-9B47497B47EB}.Debug|x86.ActiveCfg = Debug|Any CPU
		{CE614CA3-A9B3-4DA5-8911-9B47497B47EB}.Debug|x86.Build.0 = Debug|Any CPU
		{CE614CA3-A9B3-4DA5-8911-9B47497B47EB}.Release|Any CPU.ActiveCfg = Release|Any CPU
		{CE614CA3-A9B3-4DA5-8911-9B47497B47EB}.Release|Any CPU.Build.0 = Release|Any CPU
		{CE614CA3-A9B3-4DA5-8911-9B47497B47EB}.Release|x64.ActiveCfg = Release|Any CPU
		{CE614CA3-A9B3-4DA5-8911-9B47497B47EB}.Release|x64.Build.0 = Release|Any CPU
		{CE614CA3-A9B3-4DA5-8911-9B47497B47EB}.Release|x86.ActiveCfg = Release|Any CPU
		{CE614CA3-A9B3-4DA5-8911-9B47497B47EB}.Release|x86.Build.0 = Release|Any CPU
		{31C04349-DE6D-433F-99AF-A62D1FBB2EAB}.Debug|Any CPU.ActiveCfg = Debug|Any CPU
		{31C04349-DE6D-433F-99AF-A62D1FBB2EAB}.Debug|Any CPU.Build.0 = Debug|Any CPU
		{31C04349-DE6D-433F-99AF-A62D1FBB2EAB}.Debug|x64.ActiveCfg = Debug|Any CPU
		{31C04349-DE6D-433F-99AF-A62D1FBB2EAB}.Debug|x64.Build.0 = Debug|Any CPU
		{31C04349-DE6D-433F-99AF-A62D1FBB2EAB}.Debug|x86.ActiveCfg = Debug|Any CPU
		{31C04349-DE6D-433F-99AF-A62D1FBB2EAB}.Debug|x86.Build.0 = Debug|Any CPU
		{31C04349-DE6D-433F-99AF-A62D1FBB2EAB}.Release|Any CPU.ActiveCfg = Release|Any CPU
		{31C04349-DE6D-433F-99AF-A62D1FBB2EAB}.Release|Any CPU.Build.0 = Release|Any CPU
		{31C04349-DE6D-433F-99AF-A62D1FBB2EAB}.Release|x64.ActiveCfg = Release|Any CPU
		{31C04349-DE6D-433F-99AF-A62D1FBB2EAB}.Release|x64.Build.0 = Release|Any CPU
		{31C04349-DE6D-433F-99AF-A62D1FBB2EAB}.Release|x86.ActiveCfg = Release|Any CPU
		{31C04349-DE6D-433F-99AF-A62D1FBB2EAB}.Release|x86.Build.0 = Release|Any CPU
	EndGlobalSection
	GlobalSection(SolutionProperties) = preSolution
		HideSolutionNode = FALSE
	EndGlobalSection
	GlobalSection(NestedProjects) = preSolution
		{CE614CA3-A9B3-4DA5-8911-9B47497B47EB} = {A5B844A6-754F-45AF-B90A-C9B76488BB97}
		{31C04349-DE6D-433F-99AF-A62D1FBB2EAB} = {A5B844A6-754F-45AF-B90A-C9B76488BB97}
	EndGlobalSection
EndGlobal
