
Microsoft Visual Studio Solution File, Format Version 12.00
# Visual Studio 15
VisualStudioVersion = 15.0.26403.0
MinimumVisualStudioVersion = 10.0.40219.1
Project("{2150E333-8FDC-42A3-9474-1A3956D46DE8}") = "Common", "Common", "{8ADEC46F-3854-4B66-B444-ED0D40EF6C10}"
EndProject
Project("{2150E333-8FDC-42A3-9474-1A3956D46DE8}") = "Site", "Site", "{ED72CC36-0AED-4D85-AC9E-604CE8831A85}"
EndProject
Project("{2150E333-8FDC-42A3-9474-1A3956D46DE8}") = "Documents", "Documents", "{32DF691E-8B12-4FC6-BF12-2A849086437B}"
	ProjectSection(SolutionItems) = preProject
		App.Cute\Documents\development-process.txt = App.Cute\Documents\development-process.txt
		App.Cute\Documents\设计方案.ppt = App.Cute\Documents\设计方案.ppt
		App.Cute\Documents\领域分析.ppt = App.Cute\Documents\领域分析.ppt
	EndProjectSection
EndProject
Project("{FAE04EC0-301F-11D3-BF4B-00C04F79EFBC}") = "NKnife.App.Cute.Base", "App.Cute\NKnife.App.Cute.Base\NKnife.App.Cute.Base.csproj", "{09BCD5DB-3235-4DE3-B2BE-BACFF73A34F1}"
EndProject
Project("{FAE04EC0-301F-11D3-BF4B-00C04F79EFBC}") = "NKnife.App.Cute.Datas", "App.Cute\NKnife.App.Cute.Datas\NKnife.App.Cute.Datas.csproj", "{39CDB60A-F188-400B-ADAA-2EF6B967B5A9}"
EndProject
Project("{FAE04EC0-301F-11D3-BF4B-00C04F79EFBC}") = "NKnife.App.Cute.Implement", "App.Cute\NKnife.App.Cute.Implement\NKnife.App.Cute.Implement.csproj", "{BB62A3B6-6A6C-44EE-8854-4A9DA0E40A69}"
EndProject
Project("{FAE04EC0-301F-11D3-BF4B-00C04F79EFBC}") = "NKnife.App.Cute.Implement.Industry", "App.Cute\NKnife.App.Cute.Implement.Industry\NKnife.App.Cute.Implement.Industry.csproj", "{2D2A0705-CD25-44E6-98CD-8EC028735D1B}"
EndProject
Project("{FAE04EC0-301F-11D3-BF4B-00C04F79EFBC}") = "NKnife.App.Cute.Kernel", "App.Cute\NKnife.App.Cute.Kernel\NKnife.App.Cute.Kernel.csproj", "{88B0A550-1693-4E22-8E50-53491496B183}"
EndProject
Project("{FAE04EC0-301F-11D3-BF4B-00C04F79EFBC}") = "NKnife", "NKnife\NKnife.csproj", "{266FCF12-D8F4-402C-BD7E-FC1DF5F6A0BF}"
EndProject
Project("{FAE04EC0-301F-11D3-BF4B-00C04F79EFBC}") = "Cute.Demo", "App.Cute\Cute.Demo\Cute.Demo.csproj", "{2244C3D2-34C4-48EE-AE11-D70A574B9901}"
EndProject
Project("{FAE04EC0-301F-11D3-BF4B-00C04F79EFBC}") = "NKnife.App.Cute.API.Controllers", "App.Cute\NKnife.App.Cute.API.Controllers\NKnife.App.Cute.API.Controllers.csproj", "{1FDB8205-EDF3-4938-869B-79725F149040}"
EndProject
Project("{FAE04EC0-301F-11D3-BF4B-00C04F79EFBC}") = "NKnife.App.Cute.Site", "App.Cute\NKnife.App.Cute.Site\NKnife.App.Cute.Site.csproj", "{AD8EE5A2-7D99-4B34-978B-FA0ECBC3C442}"
EndProject
Project("{FAE04EC0-301F-11D3-BF4B-00C04F79EFBC}") = "NKnife.App.Cute.Site.Manager", "App.Cute\NKnife.App.Cute.Site.Manager\NKnife.App.Cute.Site.Manager.csproj", "{300086F3-B458-472A-99E6-208C14324216}"
EndProject
Global
	GlobalSection(SolutionConfigurationPlatforms) = preSolution
		Debug|Any CPU = Debug|Any CPU
		Release|Any CPU = Release|Any CPU
	EndGlobalSection
	GlobalSection(ProjectConfigurationPlatforms) = postSolution
		{09BCD5DB-3235-4DE3-B2BE-BACFF73A34F1}.Debug|Any CPU.ActiveCfg = Debug|Any CPU
		{09BCD5DB-3235-4DE3-B2BE-BACFF73A34F1}.Debug|Any CPU.Build.0 = Debug|Any CPU
		{09BCD5DB-3235-4DE3-B2BE-BACFF73A34F1}.Release|Any CPU.ActiveCfg = Release|Any CPU
		{09BCD5DB-3235-4DE3-B2BE-BACFF73A34F1}.Release|Any CPU.Build.0 = Release|Any CPU
		{39CDB60A-F188-400B-ADAA-2EF6B967B5A9}.Debug|Any CPU.ActiveCfg = Debug|Any CPU
		{39CDB60A-F188-400B-ADAA-2EF6B967B5A9}.Debug|Any CPU.Build.0 = Debug|Any CPU
		{39CDB60A-F188-400B-ADAA-2EF6B967B5A9}.Release|Any CPU.ActiveCfg = Release|Any CPU
		{39CDB60A-F188-400B-ADAA-2EF6B967B5A9}.Release|Any CPU.Build.0 = Release|Any CPU
		{BB62A3B6-6A6C-44EE-8854-4A9DA0E40A69}.Debug|Any CPU.ActiveCfg = Debug|Any CPU
		{BB62A3B6-6A6C-44EE-8854-4A9DA0E40A69}.Debug|Any CPU.Build.0 = Debug|Any CPU
		{BB62A3B6-6A6C-44EE-8854-4A9DA0E40A69}.Release|Any CPU.ActiveCfg = Release|Any CPU
		{BB62A3B6-6A6C-44EE-8854-4A9DA0E40A69}.Release|Any CPU.Build.0 = Release|Any CPU
		{2D2A0705-CD25-44E6-98CD-8EC028735D1B}.Debug|Any CPU.ActiveCfg = Debug|Any CPU
		{2D2A0705-CD25-44E6-98CD-8EC028735D1B}.Debug|Any CPU.Build.0 = Debug|Any CPU
		{2D2A0705-CD25-44E6-98CD-8EC028735D1B}.Release|Any CPU.ActiveCfg = Release|Any CPU
		{2D2A0705-CD25-44E6-98CD-8EC028735D1B}.Release|Any CPU.Build.0 = Release|Any CPU
		{88B0A550-1693-4E22-8E50-53491496B183}.Debug|Any CPU.ActiveCfg = Debug|Any CPU
		{88B0A550-1693-4E22-8E50-53491496B183}.Debug|Any CPU.Build.0 = Debug|Any CPU
		{88B0A550-1693-4E22-8E50-53491496B183}.Release|Any CPU.ActiveCfg = Release|Any CPU
		{88B0A550-1693-4E22-8E50-53491496B183}.Release|Any CPU.Build.0 = Release|Any CPU
		{266FCF12-D8F4-402C-BD7E-FC1DF5F6A0BF}.Debug|Any CPU.ActiveCfg = Debug|Any CPU
		{266FCF12-D8F4-402C-BD7E-FC1DF5F6A0BF}.Debug|Any CPU.Build.0 = Debug|Any CPU
		{266FCF12-D8F4-402C-BD7E-FC1DF5F6A0BF}.Release|Any CPU.ActiveCfg = Release|Any CPU
		{266FCF12-D8F4-402C-BD7E-FC1DF5F6A0BF}.Release|Any CPU.Build.0 = Release|Any CPU
		{2244C3D2-34C4-48EE-AE11-D70A574B9901}.Debug|Any CPU.ActiveCfg = Debug|Any CPU
		{2244C3D2-34C4-48EE-AE11-D70A574B9901}.Debug|Any CPU.Build.0 = Debug|Any CPU
		{2244C3D2-34C4-48EE-AE11-D70A574B9901}.Release|Any CPU.ActiveCfg = Release|Any CPU
		{2244C3D2-34C4-48EE-AE11-D70A574B9901}.Release|Any CPU.Build.0 = Release|Any CPU
		{1FDB8205-EDF3-4938-869B-79725F149040}.Debug|Any CPU.ActiveCfg = Debug|Any CPU
		{1FDB8205-EDF3-4938-869B-79725F149040}.Debug|Any CPU.Build.0 = Debug|Any CPU
		{1FDB8205-EDF3-4938-869B-79725F149040}.Release|Any CPU.ActiveCfg = Release|Any CPU
		{1FDB8205-EDF3-4938-869B-79725F149040}.Release|Any CPU.Build.0 = Release|Any CPU
		{AD8EE5A2-7D99-4B34-978B-FA0ECBC3C442}.Debug|Any CPU.ActiveCfg = Debug|Any CPU
		{AD8EE5A2-7D99-4B34-978B-FA0ECBC3C442}.Debug|Any CPU.Build.0 = Debug|Any CPU
		{AD8EE5A2-7D99-4B34-978B-FA0ECBC3C442}.Release|Any CPU.ActiveCfg = Release|Any CPU
		{AD8EE5A2-7D99-4B34-978B-FA0ECBC3C442}.Release|Any CPU.Build.0 = Release|Any CPU
		{300086F3-B458-472A-99E6-208C14324216}.Debug|Any CPU.ActiveCfg = Debug|Any CPU
		{300086F3-B458-472A-99E6-208C14324216}.Debug|Any CPU.Build.0 = Debug|Any CPU
		{300086F3-B458-472A-99E6-208C14324216}.Release|Any CPU.ActiveCfg = Release|Any CPU
		{300086F3-B458-472A-99E6-208C14324216}.Release|Any CPU.Build.0 = Release|Any CPU
	EndGlobalSection
	GlobalSection(SolutionProperties) = preSolution
		HideSolutionNode = FALSE
	EndGlobalSection
	GlobalSection(NestedProjects) = preSolution
		{266FCF12-D8F4-402C-BD7E-FC1DF5F6A0BF} = {8ADEC46F-3854-4B66-B444-ED0D40EF6C10}
		{1FDB8205-EDF3-4938-869B-79725F149040} = {ED72CC36-0AED-4D85-AC9E-604CE8831A85}
		{AD8EE5A2-7D99-4B34-978B-FA0ECBC3C442} = {ED72CC36-0AED-4D85-AC9E-604CE8831A85}
		{300086F3-B458-472A-99E6-208C14324216} = {ED72CC36-0AED-4D85-AC9E-604CE8831A85}
	EndGlobalSection
EndGlobal
