
Microsoft Visual Studio Solution File, Format Version 12.00
# Visual Studio 2013
VisualStudioVersion = 12.0.30723.0
MinimumVisualStudioVersion = 10.0.40219.1
Project("{FAE04EC0-301F-11D3-BF4B-00C04F79EFBC}") = "NKnife.Kits.SimpleDataKit.Mysql", "Kits\NKnife.Kits.SimpleDataKit\NKnife.Kits.SimpleDataKit.Mysql\NKnife.Kits.SimpleDataKit.Mysql.csproj", "{E59603A6-5680-4B9E-9A47-75DC3FB7AB51}"
EndProject
Project("{FAE04EC0-301F-11D3-BF4B-00C04F79EFBC}") = "NKnife", "NKnife\NKnife.csproj", "{266FCF12-D8F4-402C-BD7E-FC1DF5F6A0BF}"
EndProject
Project("{FAE04EC0-301F-11D3-BF4B-00C04F79EFBC}") = "NKnife.Kits.SimpleDataKit.Sqlite", "Kits\NKnife.Kits.SimpleDataKit\NKnife.Kits.SimpleDataKit.Sqlite\NKnife.Kits.SimpleDataKit.Sqlite.csproj", "{9872CD70-45F3-42E3-AA5E-A93754CDAE83}"
EndProject
Global
	GlobalSection(SolutionConfigurationPlatforms) = preSolution
		Debug|Any CPU = Debug|Any CPU
		Release|Any CPU = Release|Any CPU
	EndGlobalSection
	GlobalSection(ProjectConfigurationPlatforms) = postSolution
		{E59603A6-5680-4B9E-9A47-75DC3FB7AB51}.Debug|Any CPU.ActiveCfg = Debug|Any CPU
		{E59603A6-5680-4B9E-9A47-75DC3FB7AB51}.Debug|Any CPU.Build.0 = Debug|Any CPU
		{E59603A6-5680-4B9E-9A47-75DC3FB7AB51}.Release|Any CPU.ActiveCfg = Release|Any CPU
		{E59603A6-5680-4B9E-9A47-75DC3FB7AB51}.Release|Any CPU.Build.0 = Release|Any CPU
		{266FCF12-D8F4-402C-BD7E-FC1DF5F6A0BF}.Debug|Any CPU.ActiveCfg = Debug|Any CPU
		{266FCF12-D8F4-402C-BD7E-FC1DF5F6A0BF}.Debug|Any CPU.Build.0 = Debug|Any CPU
		{266FCF12-D8F4-402C-BD7E-FC1DF5F6A0BF}.Release|Any CPU.ActiveCfg = Release|Any CPU
		{266FCF12-D8F4-402C-BD7E-FC1DF5F6A0BF}.Release|Any CPU.Build.0 = Release|Any CPU
		{9872CD70-45F3-42E3-AA5E-A93754CDAE83}.Debug|Any CPU.ActiveCfg = Debug|Any CPU
		{9872CD70-45F3-42E3-AA5E-A93754CDAE83}.Debug|Any CPU.Build.0 = Debug|Any CPU
		{9872CD70-45F3-42E3-AA5E-A93754CDAE83}.Release|Any CPU.ActiveCfg = Release|Any CPU
		{9872CD70-45F3-42E3-AA5E-A93754CDAE83}.Release|Any CPU.Build.0 = Release|Any CPU
	EndGlobalSection
	GlobalSection(SolutionProperties) = preSolution
		HideSolutionNode = FALSE
	EndGlobalSection
EndGlobal
