
Microsoft Visual Studio Solution File, Format Version 12.00
# Visual Studio 14
VisualStudioVersion = 14.0.25420.1
MinimumVisualStudioVersion = 10.0.40219.1
Project("{FAE04EC0-301F-11D3-BF4B-00C04F79EFBC}") = "NKnife.Channels", "NKnife.Channels\NKnife.Channels.csproj", "{A0EDE97D-50D9-451C-BB0F-3A5CB95CCDA3}"
EndProject
Project("{FAE04EC0-301F-11D3-BF4B-00C04F79EFBC}") = "NKnife", "NKnife\NKnife.csproj", "{266FCF12-D8F4-402C-BD7E-FC1DF5F6A0BF}"
EndProject
Project("{FAE04EC0-301F-11D3-BF4B-00C04F79EFBC}") = "NKnife.NLog4", "NKnife.NLog4\NKnife.NLog4.csproj", "{24AF3E97-0817-4CBB-A471-15A9FA4004C3}"
EndProject
Project("{FAE04EC0-301F-11D3-BF4B-00C04F79EFBC}") = "NKnife.Channels.Unittests", "UnitTests\NKnife.Channels.Unittests\NKnife.Channels.Unittests.csproj", "{5D11FB61-B08F-43A3-94D6-87B7B8C6EAD6}"
EndProject
Global
	GlobalSection(SolutionConfigurationPlatforms) = preSolution
		Debug|Any CPU = Debug|Any CPU
		Debug|x64 = Debug|x64
		Debug|x86 = Debug|x86
		Release|Any CPU = Release|Any CPU
		Release|x64 = Release|x64
		Release|x86 = Release|x86
	EndGlobalSection
	GlobalSection(ProjectConfigurationPlatforms) = postSolution
		{A0EDE97D-50D9-451C-BB0F-3A5CB95CCDA3}.Debug|Any CPU.ActiveCfg = Debug|Any CPU
		{A0EDE97D-50D9-451C-BB0F-3A5CB95CCDA3}.Debug|Any CPU.Build.0 = Debug|Any CPU
		{A0EDE97D-50D9-451C-BB0F-3A5CB95CCDA3}.Debug|x64.ActiveCfg = Debug|Any CPU
		{A0EDE97D-50D9-451C-BB0F-3A5CB95CCDA3}.Debug|x64.Build.0 = Debug|Any CPU
		{A0EDE97D-50D9-451C-BB0F-3A5CB95CCDA3}.Debug|x86.ActiveCfg = Debug|Any CPU
		{A0EDE97D-50D9-451C-BB0F-3A5CB95CCDA3}.Debug|x86.Build.0 = Debug|Any CPU
		{A0EDE97D-50D9-451C-BB0F-3A5CB95CCDA3}.Release|Any CPU.ActiveCfg = Release|Any CPU
		{A0EDE97D-50D9-451C-BB0F-3A5CB95CCDA3}.Release|Any CPU.Build.0 = Release|Any CPU
		{A0EDE97D-50D9-451C-BB0F-3A5CB95CCDA3}.Release|x64.ActiveCfg = Release|Any CPU
		{A0EDE97D-50D9-451C-BB0F-3A5CB95CCDA3}.Release|x64.Build.0 = Release|Any CPU
		{A0EDE97D-50D9-451C-BB0F-3A5CB95CCDA3}.Release|x86.ActiveCfg = Release|Any CPU
		{A0EDE97D-50D9-451C-BB0F-3A5CB95CCDA3}.Release|x86.Build.0 = Release|Any CPU
		{266FCF12-D8F4-402C-BD7E-FC1DF5F6A0BF}.Debug|Any CPU.ActiveCfg = Debug|Any CPU
		{266FCF12-D8F4-402C-BD7E-FC1DF5F6A0BF}.Debug|Any CPU.Build.0 = Debug|Any CPU
		{266FCF12-D8F4-402C-BD7E-FC1DF5F6A0BF}.Debug|x64.ActiveCfg = Debug|x64
		{266FCF12-D8F4-402C-BD7E-FC1DF5F6A0BF}.Debug|x64.Build.0 = Debug|x64
		{266FCF12-D8F4-402C-BD7E-FC1DF5F6A0BF}.Debug|x86.ActiveCfg = Debug|x86
		{266FCF12-D8F4-402C-BD7E-FC1DF5F6A0BF}.Debug|x86.Build.0 = Debug|x86
		{266FCF12-D8F4-402C-BD7E-FC1DF5F6A0BF}.Release|Any CPU.ActiveCfg = Release|Any CPU
		{266FCF12-D8F4-402C-BD7E-FC1DF5F6A0BF}.Release|Any CPU.Build.0 = Release|Any CPU
		{266FCF12-D8F4-402C-BD7E-FC1DF5F6A0BF}.Release|x64.ActiveCfg = Release|x64
		{266FCF12-D8F4-402C-BD7E-FC1DF5F6A0BF}.Release|x64.Build.0 = Release|x64
		{266FCF12-D8F4-402C-BD7E-FC1DF5F6A0BF}.Release|x86.ActiveCfg = Release|x86
		{266FCF12-D8F4-402C-BD7E-FC1DF5F6A0BF}.Release|x86.Build.0 = Release|x86
		{24AF3E97-0817-4CBB-A471-15A9FA4004C3}.Debug|Any CPU.ActiveCfg = Debug|Any CPU
		{24AF3E97-0817-4CBB-A471-15A9FA4004C3}.Debug|Any CPU.Build.0 = Debug|Any CPU
		{24AF3E97-0817-4CBB-A471-15A9FA4004C3}.Debug|x64.ActiveCfg = Debug|x64
		{24AF3E97-0817-4CBB-A471-15A9FA4004C3}.Debug|x64.Build.0 = Debug|x64
		{24AF3E97-0817-4CBB-A471-15A9FA4004C3}.Debug|x86.ActiveCfg = Debug|x86
		{24AF3E97-0817-4CBB-A471-15A9FA4004C3}.Debug|x86.Build.0 = Debug|x86
		{24AF3E97-0817-4CBB-A471-15A9FA4004C3}.Release|Any CPU.ActiveCfg = Release|Any CPU
		{24AF3E97-0817-4CBB-A471-15A9FA4004C3}.Release|Any CPU.Build.0 = Release|Any CPU
		{24AF3E97-0817-4CBB-A471-15A9FA4004C3}.Release|x64.ActiveCfg = Release|x64
		{24AF3E97-0817-4CBB-A471-15A9FA4004C3}.Release|x64.Build.0 = Release|x64
		{24AF3E97-0817-4CBB-A471-15A9FA4004C3}.Release|x86.ActiveCfg = Release|x86
		{24AF3E97-0817-4CBB-A471-15A9FA4004C3}.Release|x86.Build.0 = Release|x86
		{5D11FB61-B08F-43A3-94D6-87B7B8C6EAD6}.Debug|Any CPU.ActiveCfg = Debug|Any CPU
		{5D11FB61-B08F-43A3-94D6-87B7B8C6EAD6}.Debug|Any CPU.Build.0 = Debug|Any CPU
		{5D11FB61-B08F-43A3-94D6-87B7B8C6EAD6}.Debug|x64.ActiveCfg = Debug|Any CPU
		{5D11FB61-B08F-43A3-94D6-87B7B8C6EAD6}.Debug|x64.Build.0 = Debug|Any CPU
		{5D11FB61-B08F-43A3-94D6-87B7B8C6EAD6}.Debug|x86.ActiveCfg = Debug|Any CPU
		{5D11FB61-B08F-43A3-94D6-87B7B8C6EAD6}.Debug|x86.Build.0 = Debug|Any CPU
		{5D11FB61-B08F-43A3-94D6-87B7B8C6EAD6}.Release|Any CPU.ActiveCfg = Release|Any CPU
		{5D11FB61-B08F-43A3-94D6-87B7B8C6EAD6}.Release|Any CPU.Build.0 = Release|Any CPU
		{5D11FB61-B08F-43A3-94D6-87B7B8C6EAD6}.Release|x64.ActiveCfg = Release|Any CPU
		{5D11FB61-B08F-43A3-94D6-87B7B8C6EAD6}.Release|x64.Build.0 = Release|Any CPU
		{5D11FB61-B08F-43A3-94D6-87B7B8C6EAD6}.Release|x86.ActiveCfg = Release|Any CPU
		{5D11FB61-B08F-43A3-94D6-87B7B8C6EAD6}.Release|x86.Build.0 = Release|Any CPU
	EndGlobalSection
	GlobalSection(SolutionProperties) = preSolution
		HideSolutionNode = FALSE
	EndGlobalSection
EndGlobal
