
Microsoft Visual Studio Solution File, Format Version 12.00
# Visual Studio 15
VisualStudioVersion = 15.0.26403.7
MinimumVisualStudioVersion = 10.0.40219.1
Project("{FAE04EC0-301F-11D3-BF4B-00C04F79EFBC}") = "NKnife.Channels", "NKnife.Channels\NKnife.Channels.csproj", "{A0EDE97D-50D9-451C-BB0F-3A5CB95CCDA3}"
EndProject
Project("{FAE04EC0-301F-11D3-BF4B-00C04F79EFBC}") = "NKnife", "NKnife\NKnife.csproj", "{266FCF12-D8F4-402C-BD7E-FC1DF5F6A0BF}"
EndProject
Project("{2150E333-8FDC-42A3-9474-1A3956D46DE8}") = "Tests", "Tests", "{7F7D79AB-9195-4528-8B17-8FBEB426EB8F}"
EndProject
Project("{FAE04EC0-301F-11D3-BF4B-00C04F79EFBC}") = "NKnife.UnitTest", "UnitTests\NKnife.UnitTest\NKnife.UnitTest.csproj", "{37E93CF1-6BDD-4ADF-94C7-0BF46AF71253}"
EndProject
Project("{FAE04EC0-301F-11D3-BF4B-00C04F79EFBC}") = "NKnife.Channels.UnitTest", "UnitTests\NKnife.Channels.UnitTest\NKnife.Channels.UnitTest.csproj", "{C840FA0B-ED8D-4F17-8054-E038D30B48BA}"
EndProject
Project("{FAE04EC0-301F-11D3-BF4B-00C04F79EFBC}") = "NKnife.Kits.StarterKit", "Kits\NKnife.Kits.StarterKit\NKnife.Kits.StarterKit.csproj", "{262BE29F-B360-42CA-83FE-F2910CC6500B}"
EndProject
Project("{FAE04EC0-301F-11D3-BF4B-00C04F79EFBC}") = "NKnife.Kits.ChannelKit", "Kits\NKnife.Kits.ChannelKit\NKnife.Kits.ChannelKit.csproj", "{683D9BA1-334D-424D-BE3E-C9159A07A4C7}"
EndProject
Project("{FAE04EC0-301F-11D3-BF4B-00C04F79EFBC}") = "NKnife.Kits.ChannelKit.ConsoleApp", "Kits\NKnife.Kits.ChannelKit.ConsoleApp\NKnife.Kits.ChannelKit.ConsoleApp.csproj", "{313E7406-BA04-4157-AB37-8EABBE097A4B}"
EndProject
Global
	GlobalSection(SolutionConfigurationPlatforms) = preSolution
		Debug|Any CPU = Debug|Any CPU
		Debug|x64 = Debug|x64
		Debug|x86 = Debug|x86
		Release|Any CPU = Release|Any CPU
		Release|x64 = Release|x64
		Release|x86 = Release|x86
	EndGlobalSection
	GlobalSection(ProjectConfigurationPlatforms) = postSolution
		{A0EDE97D-50D9-451C-BB0F-3A5CB95CCDA3}.Debug|Any CPU.ActiveCfg = Debug|Any CPU
		{A0EDE97D-50D9-451C-BB0F-3A5CB95CCDA3}.Debug|Any CPU.Build.0 = Debug|Any CPU
		{A0EDE97D-50D9-451C-BB0F-3A5CB95CCDA3}.Debug|x64.ActiveCfg = Debug|Any CPU
		{A0EDE97D-50D9-451C-BB0F-3A5CB95CCDA3}.Debug|x64.Build.0 = Debug|Any CPU
		{A0EDE97D-50D9-451C-BB0F-3A5CB95CCDA3}.Debug|x86.ActiveCfg = Debug|Any CPU
		{A0EDE97D-50D9-451C-BB0F-3A5CB95CCDA3}.Debug|x86.Build.0 = Debug|Any CPU
		{A0EDE97D-50D9-451C-BB0F-3A5CB95CCDA3}.Release|Any CPU.ActiveCfg = Release|Any CPU
		{A0EDE97D-50D9-451C-BB0F-3A5CB95CCDA3}.Release|Any CPU.Build.0 = Release|Any CPU
		{A0EDE97D-50D9-451C-BB0F-3A5CB95CCDA3}.Release|x64.ActiveCfg = Release|Any CPU
		{A0EDE97D-50D9-451C-BB0F-3A5CB95CCDA3}.Release|x64.Build.0 = Release|Any CPU
		{A0EDE97D-50D9-451C-BB0F-3A5CB95CCDA3}.Release|x86.ActiveCfg = Release|Any CPU
		{A0EDE97D-50D9-451C-BB0F-3A5CB95CCDA3}.Release|x86.Build.0 = Release|Any CPU
		{266FCF12-D8F4-402C-BD7E-FC1DF5F6A0BF}.Debug|Any CPU.ActiveCfg = Debug|Any CPU
		{266FCF12-D8F4-402C-BD7E-FC1DF5F6A0BF}.Debug|Any CPU.Build.0 = Debug|Any CPU
		{266FCF12-D8F4-402C-BD7E-FC1DF5F6A0BF}.Debug|x64.ActiveCfg = Debug|x64
		{266FCF12-D8F4-402C-BD7E-FC1DF5F6A0BF}.Debug|x64.Build.0 = Debug|x64
		{266FCF12-D8F4-402C-BD7E-FC1DF5F6A0BF}.Debug|x86.ActiveCfg = Debug|x86
		{266FCF12-D8F4-402C-BD7E-FC1DF5F6A0BF}.Debug|x86.Build.0 = Debug|x86
		{266FCF12-D8F4-402C-BD7E-FC1DF5F6A0BF}.Release|Any CPU.ActiveCfg = Release|Any CPU
		{266FCF12-D8F4-402C-BD7E-FC1DF5F6A0BF}.Release|Any CPU.Build.0 = Release|Any CPU
		{266FCF12-D8F4-402C-BD7E-FC1DF5F6A0BF}.Release|x64.ActiveCfg = Release|x64
		{266FCF12-D8F4-402C-BD7E-FC1DF5F6A0BF}.Release|x64.Build.0 = Release|x64
		{266FCF12-D8F4-402C-BD7E-FC1DF5F6A0BF}.Release|x86.ActiveCfg = Release|x86
		{266FCF12-D8F4-402C-BD7E-FC1DF5F6A0BF}.Release|x86.Build.0 = Release|x86
		{37E93CF1-6BDD-4ADF-94C7-0BF46AF71253}.Debug|Any CPU.ActiveCfg = Debug|Any CPU
		{37E93CF1-6BDD-4ADF-94C7-0BF46AF71253}.Debug|Any CPU.Build.0 = Debug|Any CPU
		{37E93CF1-6BDD-4ADF-94C7-0BF46AF71253}.Debug|x64.ActiveCfg = Debug|Any CPU
		{37E93CF1-6BDD-4ADF-94C7-0BF46AF71253}.Debug|x64.Build.0 = Debug|Any CPU
		{37E93CF1-6BDD-4ADF-94C7-0BF46AF71253}.Debug|x86.ActiveCfg = Debug|Any CPU
		{37E93CF1-6BDD-4ADF-94C7-0BF46AF71253}.Debug|x86.Build.0 = Debug|Any CPU
		{37E93CF1-6BDD-4ADF-94C7-0BF46AF71253}.Release|Any CPU.ActiveCfg = Release|Any CPU
		{37E93CF1-6BDD-4ADF-94C7-0BF46AF71253}.Release|Any CPU.Build.0 = Release|Any CPU
		{37E93CF1-6BDD-4ADF-94C7-0BF46AF71253}.Release|x64.ActiveCfg = Release|Any CPU
		{37E93CF1-6BDD-4ADF-94C7-0BF46AF71253}.Release|x64.Build.0 = Release|Any CPU
		{37E93CF1-6BDD-4ADF-94C7-0BF46AF71253}.Release|x86.ActiveCfg = Release|Any CPU
		{37E93CF1-6BDD-4ADF-94C7-0BF46AF71253}.Release|x86.Build.0 = Release|Any CPU
		{C840FA0B-ED8D-4F17-8054-E038D30B48BA}.Debug|Any CPU.ActiveCfg = Debug|Any CPU
		{C840FA0B-ED8D-4F17-8054-E038D30B48BA}.Debug|Any CPU.Build.0 = Debug|Any CPU
		{C840FA0B-ED8D-4F17-8054-E038D30B48BA}.Debug|x64.ActiveCfg = Debug|Any CPU
		{C840FA0B-ED8D-4F17-8054-E038D30B48BA}.Debug|x64.Build.0 = Debug|Any CPU
		{C840FA0B-ED8D-4F17-8054-E038D30B48BA}.Debug|x86.ActiveCfg = Debug|Any CPU
		{C840FA0B-ED8D-4F17-8054-E038D30B48BA}.Debug|x86.Build.0 = Debug|Any CPU
		{C840FA0B-ED8D-4F17-8054-E038D30B48BA}.Release|Any CPU.ActiveCfg = Release|Any CPU
		{C840FA0B-ED8D-4F17-8054-E038D30B48BA}.Release|Any CPU.Build.0 = Release|Any CPU
		{C840FA0B-ED8D-4F17-8054-E038D30B48BA}.Release|x64.ActiveCfg = Release|Any CPU
		{C840FA0B-ED8D-4F17-8054-E038D30B48BA}.Release|x64.Build.0 = Release|Any CPU
		{C840FA0B-ED8D-4F17-8054-E038D30B48BA}.Release|x86.ActiveCfg = Release|Any CPU
		{C840FA0B-ED8D-4F17-8054-E038D30B48BA}.Release|x86.Build.0 = Release|Any CPU
		{262BE29F-B360-42CA-83FE-F2910CC6500B}.Debug|Any CPU.ActiveCfg = Debug|Any CPU
		{262BE29F-B360-42CA-83FE-F2910CC6500B}.Debug|Any CPU.Build.0 = Debug|Any CPU
		{262BE29F-B360-42CA-83FE-F2910CC6500B}.Debug|x64.ActiveCfg = Debug|Any CPU
		{262BE29F-B360-42CA-83FE-F2910CC6500B}.Debug|x64.Build.0 = Debug|Any CPU
		{262BE29F-B360-42CA-83FE-F2910CC6500B}.Debug|x86.ActiveCfg = Debug|Any CPU
		{262BE29F-B360-42CA-83FE-F2910CC6500B}.Debug|x86.Build.0 = Debug|Any CPU
		{262BE29F-B360-42CA-83FE-F2910CC6500B}.Release|Any CPU.ActiveCfg = Release|Any CPU
		{262BE29F-B360-42CA-83FE-F2910CC6500B}.Release|Any CPU.Build.0 = Release|Any CPU
		{262BE29F-B360-42CA-83FE-F2910CC6500B}.Release|x64.ActiveCfg = Release|Any CPU
		{262BE29F-B360-42CA-83FE-F2910CC6500B}.Release|x64.Build.0 = Release|Any CPU
		{262BE29F-B360-42CA-83FE-F2910CC6500B}.Release|x86.ActiveCfg = Release|Any CPU
		{262BE29F-B360-42CA-83FE-F2910CC6500B}.Release|x86.Build.0 = Release|Any CPU
		{683D9BA1-334D-424D-BE3E-C9159A07A4C7}.Debug|Any CPU.ActiveCfg = Debug|Any CPU
		{683D9BA1-334D-424D-BE3E-C9159A07A4C7}.Debug|Any CPU.Build.0 = Debug|Any CPU
		{683D9BA1-334D-424D-BE3E-C9159A07A4C7}.Debug|x64.ActiveCfg = Debug|Any CPU
		{683D9BA1-334D-424D-BE3E-C9159A07A4C7}.Debug|x64.Build.0 = Debug|Any CPU
		{683D9BA1-334D-424D-BE3E-C9159A07A4C7}.Debug|x86.ActiveCfg = Debug|Any CPU
		{683D9BA1-334D-424D-BE3E-C9159A07A4C7}.Debug|x86.Build.0 = Debug|Any CPU
		{683D9BA1-334D-424D-BE3E-C9159A07A4C7}.Release|Any CPU.ActiveCfg = Release|Any CPU
		{683D9BA1-334D-424D-BE3E-C9159A07A4C7}.Release|Any CPU.Build.0 = Release|Any CPU
		{683D9BA1-334D-424D-BE3E-C9159A07A4C7}.Release|x64.ActiveCfg = Release|Any CPU
		{683D9BA1-334D-424D-BE3E-C9159A07A4C7}.Release|x64.Build.0 = Release|Any CPU
		{683D9BA1-334D-424D-BE3E-C9159A07A4C7}.Release|x86.ActiveCfg = Release|Any CPU
		{683D9BA1-334D-424D-BE3E-C9159A07A4C7}.Release|x86.Build.0 = Release|Any CPU
		{313E7406-BA04-4157-AB37-8EABBE097A4B}.Debug|Any CPU.ActiveCfg = Debug|Any CPU
		{313E7406-BA04-4157-AB37-8EABBE097A4B}.Debug|Any CPU.Build.0 = Debug|Any CPU
		{313E7406-BA04-4157-AB37-8EABBE097A4B}.Debug|x64.ActiveCfg = Debug|Any CPU
		{313E7406-BA04-4157-AB37-8EABBE097A4B}.Debug|x64.Build.0 = Debug|Any CPU
		{313E7406-BA04-4157-AB37-8EABBE097A4B}.Debug|x86.ActiveCfg = Debug|Any CPU
		{313E7406-BA04-4157-AB37-8EABBE097A4B}.Debug|x86.Build.0 = Debug|Any CPU
		{313E7406-BA04-4157-AB37-8EABBE097A4B}.Release|Any CPU.ActiveCfg = Release|Any CPU
		{313E7406-BA04-4157-AB37-8EABBE097A4B}.Release|Any CPU.Build.0 = Release|Any CPU
		{313E7406-BA04-4157-AB37-8EABBE097A4B}.Release|x64.ActiveCfg = Release|Any CPU
		{313E7406-BA04-4157-AB37-8EABBE097A4B}.Release|x64.Build.0 = Release|Any CPU
		{313E7406-BA04-4157-AB37-8EABBE097A4B}.Release|x86.ActiveCfg = Release|Any CPU
		{313E7406-BA04-4157-AB37-8EABBE097A4B}.Release|x86.Build.0 = Release|Any CPU
	EndGlobalSection
	GlobalSection(SolutionProperties) = preSolution
		HideSolutionNode = FALSE
	EndGlobalSection
	GlobalSection(NestedProjects) = preSolution
		{37E93CF1-6BDD-4ADF-94C7-0BF46AF71253} = {7F7D79AB-9195-4528-8B17-8FBEB426EB8F}
		{C840FA0B-ED8D-4F17-8054-E038D30B48BA} = {7F7D79AB-9195-4528-8B17-8FBEB426EB8F}
	EndGlobalSection
	GlobalSection(ExtensibilityGlobals) = postSolution
		SolutionGuid = {06AB151E-0D9E-4339-96E1-D02CD5275D0A}
	EndGlobalSection
EndGlobal
