
Microsoft Visual Studio Solution File, Format Version 10.00
# Visual Studio 2008
Project("{FAE04EC0-301F-11D3-BF4B-00C04F79EFBC}") = "GetWebQuickDemo", "GetWebQuickDemo\GetWebQuickDemo.csproj", "{0FFC191E-EE7C-4FFF-8010-C75A3BDA970E}"
EndProject
Project("{FAE04EC0-301F-11D3-BF4B-00C04F79EFBC}") = "Jeelu", "..\..\Common\Jeelu.csproj", "{ACF0DFFD-984F-47C1-8AA1-3587B48B2166}"
EndProject
Global
	GlobalSection(SourceCodeControl) = preSolution
		SccNumberOfProjects = 3
		SccProjectUniqueName0 = ..\\..\\Common\\Jeelu.csproj
		SccProjectName0 = \u0022$/Jeelu/Common\u0022,\u0020YUGAAAAA
		SccLocalPath0 = ..\\..\\Common
		SccLocalPath1 = .
		SccProjectUniqueName2 = GetWebQuickDemo\\GetWebQuickDemo.csproj
		SccLocalPath2 = .
		SccProjectFilePathRelativizedFromConnection2 = GetWebQuickDemo\\
	EndGlobalSection
	GlobalSection(SolutionConfigurationPlatforms) = preSolution
		Debug|Any CPU = Debug|Any CPU
		Release|Any CPU = Release|Any CPU
	EndGlobalSection
	GlobalSection(ProjectConfigurationPlatforms) = postSolution
		{0FFC191E-EE7C-4FFF-8010-C75A3BDA970E}.Debug|Any CPU.ActiveCfg = Debug|Any CPU
		{0FFC191E-EE7C-4FFF-8010-C75A3BDA970E}.Debug|Any CPU.Build.0 = Debug|Any CPU
		{0FFC191E-EE7C-4FFF-8010-C75A3BDA970E}.Release|Any CPU.ActiveCfg = Release|Any CPU
		{0FFC191E-EE7C-4FFF-8010-C75A3BDA970E}.Release|Any CPU.Build.0 = Release|Any CPU
		{ACF0DFFD-984F-47C1-8AA1-3587B48B2166}.Debug|Any CPU.ActiveCfg = Debug|Any CPU
		{ACF0DFFD-984F-47C1-8AA1-3587B48B2166}.Debug|Any CPU.Build.0 = Debug|Any CPU
		{ACF0DFFD-984F-47C1-8AA1-3587B48B2166}.Release|Any CPU.ActiveCfg = Release|Any CPU
		{ACF0DFFD-984F-47C1-8AA1-3587B48B2166}.Release|Any CPU.Build.0 = Release|Any CPU
	EndGlobalSection
	GlobalSection(SolutionProperties) = preSolution
		HideSolutionNode = FALSE
	EndGlobalSection
EndGlobal
