
Microsoft Visual Studio Solution File, Format Version 12.00
# Visual Studio Version 16
VisualStudioVersion = 16.0.30128.74
MinimumVisualStudioVersion = 10.0.40219.1
Project("{FAE04EC0-301F-11D3-BF4B-00C04F79EFBC}") = "NKnife.App.SerialBox", "NKnife.App.SerialBox\NKnife.App.SerialBox.csproj", "{C65A4EB1-6D6E-4A1F-AFFD-5BE828E335EE}"
EndProject
Global
	GlobalSection(SolutionConfigurationPlatforms) = preSolution
		Debug|Any CPU = Debug|Any CPU
		Release|Any CPU = Release|Any CPU
	EndGlobalSection
	GlobalSection(ProjectConfigurationPlatforms) = postSolution
		{C65A4EB1-6D6E-4A1F-AFFD-5BE828E335EE}.Debug|Any CPU.ActiveCfg = Debug|Any CPU
		{C65A4EB1-6D6E-4A1F-AFFD-5BE828E335EE}.Debug|Any CPU.Build.0 = Debug|Any CPU
		{C65A4EB1-6D6E-4A1F-AFFD-5BE828E335EE}.Release|Any CPU.ActiveCfg = Release|Any CPU
		{C65A4EB1-6D6E-4A1F-AFFD-5BE828E335EE}.Release|Any CPU.Build.0 = Release|Any CPU
	EndGlobalSection
	GlobalSection(SolutionProperties) = preSolution
		HideSolutionNode = FALSE
	EndGlobalSection
	GlobalSection(ExtensibilityGlobals) = postSolution
		SolutionGuid = {8220B11C-4946-4A7D-AF3C-10582CE016AF}
	EndGlobalSection
EndGlobal
