
Microsoft Visual Studio Solution File, Format Version 12.00
# Visual Studio 15
VisualStudioVersion = 15.0.27428.2005
MinimumVisualStudioVersion = 10.0.40219.1
Project("{FAE04EC0-301F-11D3-BF4B-00C04F79EFBC}") = "NKnife.Serial", "NKnife.Serial.csproj", "{3B1BA8E0-29DD-4CFC-8593-889B9D547AB7}"
EndProject
Global
	GlobalSection(SolutionConfigurationPlatforms) = preSolution
		Debug|Any CPU = Debug|Any CPU
		Release|Any CPU = Release|Any CPU
	EndGlobalSection
	GlobalSection(ProjectConfigurationPlatforms) = postSolution
		{3B1BA8E0-29DD-4CFC-8593-889B9D547AB7}.Debug|Any CPU.ActiveCfg = Debug|Any CPU
		{3B1BA8E0-29DD-4CFC-8593-889B9D547AB7}.Debug|Any CPU.Build.0 = Debug|Any CPU
		{3B1BA8E0-29DD-4CFC-8593-889B9D547AB7}.Release|Any CPU.ActiveCfg = Release|Any CPU
		{3B1BA8E0-29DD-4CFC-8593-889B9D547AB7}.Release|Any CPU.Build.0 = Release|Any CPU
	EndGlobalSection
	GlobalSection(SolutionProperties) = preSolution
		HideSolutionNode = FALSE
	EndGlobalSection
	GlobalSection(ExtensibilityGlobals) = postSolution
		SolutionGuid = {2DC8E9E0-F2C5-444B-8478-76541DF223D9}
	EndGlobalSection
EndGlobal
