
Microsoft Visual Studio Solution File, Format Version 12.00
# Visual Studio 2013
VisualStudioVersion = 12.0.30723.0
MinimumVisualStudioVersion = 10.0.40219.1
Project("{2150E333-8FDC-42A3-9474-1A3956D46DE8}") = "Common", "Common", "{180F754D-22FC-4DC0-8D5C-ED7F50D5B6AC}"
EndProject
Project("{2150E333-8FDC-42A3-9474-1A3956D46DE8}") = "OpenSource", "OpenSource", "{F9AC4338-C994-431D-8983-AA924F0CD9A3}"
EndProject
Project("{2150E333-8FDC-42A3-9474-1A3956D46DE8}") = "SimplusD", "SimplusD", "{B3B361F1-6DCA-45C4-B58F-9E84D403A543}"
EndProject
Project("{2150E333-8FDC-42A3-9474-1A3956D46DE8}") = "Win", "Win", "{4B7DED68-B884-45FB-919E-A3A8FC0DFED2}"
EndProject
Project("{2150E333-8FDC-42A3-9474-1A3956D46DE8}") = "Common", "Common", "{B3AC3ECD-30AD-41A6-9B17-5A77923562FA}"
EndProject
Project("{2150E333-8FDC-42A3-9474-1A3956D46DE8}") = "Common", "Common", "{5B68E92D-54AF-4CCC-AF8F-A621CE355062}"
EndProject
Project("{2150E333-8FDC-42A3-9474-1A3956D46DE8}") = "Client", "Client", "{E8B9F793-F17A-4490-A985-AB6838107133}"
EndProject
Project("{2150E333-8FDC-42A3-9474-1A3956D46DE8}") = "Server", "Server", "{BC9E645B-4D6C-4497-A091-6BC53A8C819E}"
EndProject
Project("{2150E333-8FDC-42A3-9474-1A3956D46DE8}") = "Win", "Win", "{E697182E-BFCD-4534-9A91-57DEBB90DF28}"
EndProject
Project("{2150E333-8FDC-42A3-9474-1A3956D46DE8}") = "Web", "Web", "{88E0C9DE-1C24-47CB-9790-F2AA3DFF1683}"
EndProject
Project("{2150E333-8FDC-42A3-9474-1A3956D46DE8}") = "Tools", "Tools", "{585BCE72-8B5A-403A-9EFC-616DAFBCFECD}"
EndProject
Project("{2150E333-8FDC-42A3-9474-1A3956D46DE8}") = "SimplusOM", "SimplusOM", "{5734EDFB-251A-4E20-A894-6231354B84F6}"
EndProject
Project("{2150E333-8FDC-42A3-9474-1A3956D46DE8}") = "Common", "Common", "{62D6F789-95C8-4111-84B9-FD4807C6CB66}"
EndProject
Project("{2150E333-8FDC-42A3-9474-1A3956D46DE8}") = "Client", "Client", "{646ADB38-5F66-4332-BFA7-08DE3E7E4EC9}"
EndProject
Project("{2150E333-8FDC-42A3-9474-1A3956D46DE8}") = "Server", "Server", "{5B0DA55F-A042-49A1-8927-11122544D91E}"
EndProject
Project("{2150E333-8FDC-42A3-9474-1A3956D46DE8}") = "Win", "Win", "{68C096D7-27BE-493F-A375-C40C70CB07D4}"
EndProject
Project("{2150E333-8FDC-42A3-9474-1A3956D46DE8}") = "Simplus.AppTools", "Simplus.AppTools", "{6369256B-46A2-4A1C-9A66-02D59C90BEA3}"
EndProject
Project("{FAE04EC0-301F-11D3-BF4B-00C04F79EFBC}") = "Jeelu", "Common\Jeelu.csproj", "{ACF0DFFD-984F-47C1-8AA1-3587B48B2166}"
EndProject
Project("{FAE04EC0-301F-11D3-BF4B-00C04F79EFBC}") = "CustomOpenFileDialog", "OpenSource\CustomOpenFileDialog\CustomOpenFileDialog.csproj", "{63F16AD6-3C52-43BA-A3D7-981AC870E7CE}"
EndProject
Project("{FAE04EC0-301F-11D3-BF4B-00C04F79EFBC}") = "ICSharpCode.TextEditor", "OpenSource\ICSharpCode.TextEditor\ICSharpCode.TextEditor.csproj", "{2D18BE89-D210-49EB-A9DD-2246FBB3DF6D}"
EndProject
Project("{FAE04EC0-301F-11D3-BF4B-00C04F79EFBC}") = "TidyNet", "OpenSource\TidyNet\TidyNet.csproj", "{C9B7AEFC-11BF-4902-AB1C-055E87479ACE}"
EndProject
Project("{FAE04EC0-301F-11D3-BF4B-00C04F79EFBC}") = "VS2005ToolBox", "OpenSource\VS2005ToolBox\VS2005ToolBox.csproj", "{63591A7A-794D-407E-9D3F-2B2C525420F9}"
EndProject
Project("{FAE04EC0-301F-11D3-BF4B-00C04F79EFBC}") = "WinFormsUI", "OpenSource\WinFormsUI\WinFormsUI.csproj", "{C75532C4-765B-418E-B09B-46D36B2ABDB1}"
EndProject
Project("{FAE04EC0-301F-11D3-BF4B-00C04F79EFBC}") = "Jeelu.Win", "Win\Common\Jeelu.Win.csproj", "{14AC1134-719E-497F-9B84-0C0DC5F4AD9E}"
EndProject
Project("{FAE04EC0-301F-11D3-BF4B-00C04F79EFBC}") = "Jeelu.SimplusD", "SimplusD\Common\Jeelu.SimplusD.csproj", "{42474834-8525-470E-A26C-24E552123983}"
EndProject
Project("{FAE04EC0-301F-11D3-BF4B-00C04F79EFBC}") = "Jeelu.SimplusD.Client.Win", "SimplusD\Client\Win\Common\Jeelu.SimplusD.Client.Win.csproj", "{6ABF911A-7EF0-41DC-AB7A-720F874107BD}"
EndProject
Project("{FAE04EC0-301F-11D3-BF4B-00C04F79EFBC}") = "Jeelu.SimplusD.Client.Win.Core", "SimplusD\Client\Win\Core\Jeelu.SimplusD.Client.Win.Core.csproj", "{7D47B960-6735-4125-8670-0BBDBEE28208}"
EndProject
Project("{FAE04EC0-301F-11D3-BF4B-00C04F79EFBC}") = "Jeelu.SimplusD.Client.Win.CoreControls", "SimplusD\Client\Win\CoreControls\Jeelu.SimplusD.Client.Win.CoreControls.csproj", "{8EF3AA7B-2B98-42AF-A4E4-3D7447ADFF65}"
EndProject
Project("{FAE04EC0-301F-11D3-BF4B-00C04F79EFBC}") = "Jeelu.SimplusD.Client.Win.Startup", "SimplusD\Client\Win\Startup\Jeelu.SimplusD.Client.Win.Startup.csproj", "{1EB2D6B5-FA84-4C0D-BB6E-1C9862AB779A}"
EndProject
Project("{FAE04EC0-301F-11D3-BF4B-00C04F79EFBC}") = "CheckFileHeaders", "Tools\CheckFileHeaders\CheckFileHeaders.csproj", "{66252D2A-5D13-457C-8A5D-A1FD918A1BBE}"
EndProject
Project("{FAE04EC0-301F-11D3-BF4B-00C04F79EFBC}") = "PathServiceFileHelper", "Tools\PathServiceFileHelper\PathServiceFileHelper.csproj", "{2865DDAE-A69A-4558-89BF-BCE08A4CF420}"
EndProject
Project("{FAE04EC0-301F-11D3-BF4B-00C04F79EFBC}") = "PropPadTool", "Tools\PropPadTool\PropPadTool.csproj", "{D16BEB02-ED0C-4CF6-9067-F34938775A86}"
EndProject
Project("{FAE04EC0-301F-11D3-BF4B-00C04F79EFBC}") = "UpdateAssemblyInfo", "Tools\UpdateAssemblyInfo\UpdateAssemblyInfo.csproj", "{605C8CDB-F0AD-4A21-9F4A-959B8DECB0F3}"
EndProject
Project("{FAE04EC0-301F-11D3-BF4B-00C04F79EFBC}") = "Jeelu.SimplusOM.Client.Win", "SimplusOM\Client\Win\Common\Jeelu.SimplusOM.Client.Win.csproj", "{3CF63B25-EFC5-4918-B5AF-9522F7A9179D}"
EndProject
Project("{FAE04EC0-301F-11D3-BF4B-00C04F79EFBC}") = "Jeelu.SimplusOM.Client.Win.Startup", "SimplusOM\Client\Win\Startup\Jeelu.SimplusOM.Client.Win.Startup.csproj", "{4E1E3453-F491-489E-8E5A-E690B1AA8577}"
EndProject
Project("{FAE04EC0-301F-11D3-BF4B-00C04F79EFBC}") = "Jeelu.SimplusOM.Server", "SimplusOM\Server\Common\Jeelu.SimplusOM.Server.csproj", "{94B91356-96F4-4C51-AE67-1D3483F637B9}"
EndProject
Project("{FAE04EC0-301F-11D3-BF4B-00C04F79EFBC}") = "Jeelu.SimplusOM", "SimplusOM\Common\Jeelu.SimplusOM.csproj", "{489FC4C7-D182-4B6D-BEBF-7D6C457D8F9C}"
EndProject
Project("{FAE04EC0-301F-11D3-BF4B-00C04F79EFBC}") = "Jeelu.SimplusD.Server", "SimplusD\Server\Common\Jeelu.SimplusD.Server.csproj", "{0C6A880C-9451-4B92-9C7B-1AD5D6862067}"
EndProject
Project("{FAE04EC0-301F-11D3-BF4B-00C04F79EFBC}") = "Jeelu.SimplusD.Server.Core", "SimplusD\Server\Core\Jeelu.SimplusD.Server.Core.csproj", "{7E2D1B96-4C9B-442F-9858-3ACB2CAE2FD3}"
EndProject
Project("{FAE04EC0-301F-11D3-BF4B-00C04F79EFBC}") = "Jeelu.SimplusD.Server.Manager", "SimplusD\Server\Manager\Jeelu.SimplusD.Server.Manager.csproj", "{7E63CC49-1CFA-4188-9B97-E1EB8C06FB39}"
EndProject
Project("{FAE04EC0-301F-11D3-BF4B-00C04F79EFBC}") = "Jeelu.SimplusOM.Server.Manager", "SimplusOM\Server\Manager\Jeelu.SimplusOM.Server.Manager.csproj", "{F8A186F7-35A9-4262-8EBC-A7EF531FF47F}"
EndProject
Project("{FAE04EC0-301F-11D3-BF4B-00C04F79EFBC}") = "Jeelu.SimplusOM.Server.DataAccess", "SimplusOM\Server\DataAccess\Jeelu.SimplusOM.Server.DataAccess.csproj", "{FA0FEAC4-1CB4-47AF-9301-A7C8B03686B9}"
EndProject
Project("{FAE04EC0-301F-11D3-BF4B-00C04F79EFBC}") = "Jeelu.SimplusOM.Server.Logic", "SimplusOM\Server\Logic\Jeelu.SimplusOM.Server.Logic.csproj", "{4EAB8FF0-5A44-49B5-8F61-CEDFF85E49BB}"
EndProject
Project("{FAE04EC0-301F-11D3-BF4B-00C04F79EFBC}") = "Jeelu.SimplusOM.Client.Win.Core", "SimplusOM\Client\Win\Core\Jeelu.SimplusOM.Client.Win.Core.csproj", "{7C26C1B3-1877-45BF-B27B-6F81F5714F31}"
EndProject
Project("{FAE04EC0-301F-11D3-BF4B-00C04F79EFBC}") = "Jeelu.SimplusOM.Agent", "SimplusOM\Agent\Jeelu.SimplusOM.Agent.csproj", "{233285A2-3F4F-4FD7-A01B-CA78DE3D0871}"
EndProject
Project("{FAE04EC0-301F-11D3-BF4B-00C04F79EFBC}") = "Jeelu.Data", "Data\Jeelu.Data.csproj", "{2345B5BE-424D-4932-8738-6A41435B7074}"
EndProject
Project("{FAE04EC0-301F-11D3-BF4B-00C04F79EFBC}") = "Jeelu.Simplus.AutoUpdater", "Simplus.AppTools\Simplus.AutoUpdater\Jeelu.Simplus.AutoUpdater.csproj", "{2B073564-9D30-4660-AE4B-172DE8DB31BC}"
EndProject
Project("{FAE04EC0-301F-11D3-BF4B-00C04F79EFBC}") = "Jeelu.Simplus.PagePreviewer", "Simplus.AppTools\Simplus.PagePreviewer\Jeelu.Simplus.PagePreviewer.csproj", "{98A37FB1-8C51-4F54-A4CD-2D930BE69C7F}"
EndProject
Project("{FAE04EC0-301F-11D3-BF4B-00C04F79EFBC}") = "Simplus.UpdateXmlCreator", "Simplus.AppTools\Simplus.UpdateXmlCreator\Simplus.UpdateXmlCreator.csproj", "{661EF7BB-0F8D-4ADC-98BF-A798952BF933}"
EndProject
Global
	GlobalSection(SolutionConfigurationPlatforms) = preSolution
		Debug|Any CPU = Debug|Any CPU
		Release|Any CPU = Release|Any CPU
	EndGlobalSection
	GlobalSection(ProjectConfigurationPlatforms) = postSolution
		{ACF0DFFD-984F-47C1-8AA1-3587B48B2166}.Debug|Any CPU.ActiveCfg = Debug|Any CPU
		{ACF0DFFD-984F-47C1-8AA1-3587B48B2166}.Debug|Any CPU.Build.0 = Debug|Any CPU
		{ACF0DFFD-984F-47C1-8AA1-3587B48B2166}.Release|Any CPU.ActiveCfg = Release|Any CPU
		{ACF0DFFD-984F-47C1-8AA1-3587B48B2166}.Release|Any CPU.Build.0 = Release|Any CPU
		{63F16AD6-3C52-43BA-A3D7-981AC870E7CE}.Debug|Any CPU.ActiveCfg = Debug|Any CPU
		{63F16AD6-3C52-43BA-A3D7-981AC870E7CE}.Debug|Any CPU.Build.0 = Debug|Any CPU
		{63F16AD6-3C52-43BA-A3D7-981AC870E7CE}.Release|Any CPU.ActiveCfg = Release|Any CPU
		{63F16AD6-3C52-43BA-A3D7-981AC870E7CE}.Release|Any CPU.Build.0 = Release|Any CPU
		{2D18BE89-D210-49EB-A9DD-2246FBB3DF6D}.Debug|Any CPU.ActiveCfg = Debug|Any CPU
		{2D18BE89-D210-49EB-A9DD-2246FBB3DF6D}.Debug|Any CPU.Build.0 = Debug|Any CPU
		{2D18BE89-D210-49EB-A9DD-2246FBB3DF6D}.Release|Any CPU.ActiveCfg = Release|Any CPU
		{2D18BE89-D210-49EB-A9DD-2246FBB3DF6D}.Release|Any CPU.Build.0 = Release|Any CPU
		{C9B7AEFC-11BF-4902-AB1C-055E87479ACE}.Debug|Any CPU.ActiveCfg = Debug|Any CPU
		{C9B7AEFC-11BF-4902-AB1C-055E87479ACE}.Debug|Any CPU.Build.0 = Debug|Any CPU
		{C9B7AEFC-11BF-4902-AB1C-055E87479ACE}.Release|Any CPU.ActiveCfg = Release|Any CPU
		{C9B7AEFC-11BF-4902-AB1C-055E87479ACE}.Release|Any CPU.Build.0 = Release|Any CPU
		{63591A7A-794D-407E-9D3F-2B2C525420F9}.Debug|Any CPU.ActiveCfg = Debug|Any CPU
		{63591A7A-794D-407E-9D3F-2B2C525420F9}.Debug|Any CPU.Build.0 = Debug|Any CPU
		{63591A7A-794D-407E-9D3F-2B2C525420F9}.Release|Any CPU.ActiveCfg = Release|Any CPU
		{63591A7A-794D-407E-9D3F-2B2C525420F9}.Release|Any CPU.Build.0 = Release|Any CPU
		{C75532C4-765B-418E-B09B-46D36B2ABDB1}.Debug|Any CPU.ActiveCfg = Debug|Any CPU
		{C75532C4-765B-418E-B09B-46D36B2ABDB1}.Debug|Any CPU.Build.0 = Debug|Any CPU
		{C75532C4-765B-418E-B09B-46D36B2ABDB1}.Release|Any CPU.ActiveCfg = Release|Any CPU
		{C75532C4-765B-418E-B09B-46D36B2ABDB1}.Release|Any CPU.Build.0 = Release|Any CPU
		{14AC1134-719E-497F-9B84-0C0DC5F4AD9E}.Debug|Any CPU.ActiveCfg = Debug|Any CPU
		{14AC1134-719E-497F-9B84-0C0DC5F4AD9E}.Debug|Any CPU.Build.0 = Debug|Any CPU
		{14AC1134-719E-497F-9B84-0C0DC5F4AD9E}.Release|Any CPU.ActiveCfg = Release|Any CPU
		{14AC1134-719E-497F-9B84-0C0DC5F4AD9E}.Release|Any CPU.Build.0 = Release|Any CPU
		{42474834-8525-470E-A26C-24E552123983}.Debug|Any CPU.ActiveCfg = Debug|Any CPU
		{42474834-8525-470E-A26C-24E552123983}.Debug|Any CPU.Build.0 = Debug|Any CPU
		{42474834-8525-470E-A26C-24E552123983}.Release|Any CPU.ActiveCfg = Release|Any CPU
		{42474834-8525-470E-A26C-24E552123983}.Release|Any CPU.Build.0 = Release|Any CPU
		{6ABF911A-7EF0-41DC-AB7A-720F874107BD}.Debug|Any CPU.ActiveCfg = Debug|Any CPU
		{6ABF911A-7EF0-41DC-AB7A-720F874107BD}.Debug|Any CPU.Build.0 = Debug|Any CPU
		{6ABF911A-7EF0-41DC-AB7A-720F874107BD}.Release|Any CPU.ActiveCfg = Release|Any CPU
		{6ABF911A-7EF0-41DC-AB7A-720F874107BD}.Release|Any CPU.Build.0 = Release|Any CPU
		{7D47B960-6735-4125-8670-0BBDBEE28208}.Debug|Any CPU.ActiveCfg = Debug|Any CPU
		{7D47B960-6735-4125-8670-0BBDBEE28208}.Debug|Any CPU.Build.0 = Debug|Any CPU
		{7D47B960-6735-4125-8670-0BBDBEE28208}.Release|Any CPU.ActiveCfg = Release|Any CPU
		{7D47B960-6735-4125-8670-0BBDBEE28208}.Release|Any CPU.Build.0 = Release|Any CPU
		{8EF3AA7B-2B98-42AF-A4E4-3D7447ADFF65}.Debug|Any CPU.ActiveCfg = Debug|Any CPU
		{8EF3AA7B-2B98-42AF-A4E4-3D7447ADFF65}.Debug|Any CPU.Build.0 = Debug|Any CPU
		{8EF3AA7B-2B98-42AF-A4E4-3D7447ADFF65}.Release|Any CPU.ActiveCfg = Release|Any CPU
		{8EF3AA7B-2B98-42AF-A4E4-3D7447ADFF65}.Release|Any CPU.Build.0 = Release|Any CPU
		{1EB2D6B5-FA84-4C0D-BB6E-1C9862AB779A}.Debug|Any CPU.ActiveCfg = Debug|Any CPU
		{1EB2D6B5-FA84-4C0D-BB6E-1C9862AB779A}.Debug|Any CPU.Build.0 = Debug|Any CPU
		{1EB2D6B5-FA84-4C0D-BB6E-1C9862AB779A}.Release|Any CPU.ActiveCfg = Release|Any CPU
		{1EB2D6B5-FA84-4C0D-BB6E-1C9862AB779A}.Release|Any CPU.Build.0 = Release|Any CPU
		{66252D2A-5D13-457C-8A5D-A1FD918A1BBE}.Debug|Any CPU.ActiveCfg = Debug|Any CPU
		{66252D2A-5D13-457C-8A5D-A1FD918A1BBE}.Debug|Any CPU.Build.0 = Debug|Any CPU
		{66252D2A-5D13-457C-8A5D-A1FD918A1BBE}.Release|Any CPU.ActiveCfg = Release|Any CPU
		{66252D2A-5D13-457C-8A5D-A1FD918A1BBE}.Release|Any CPU.Build.0 = Release|Any CPU
		{2865DDAE-A69A-4558-89BF-BCE08A4CF420}.Debug|Any CPU.ActiveCfg = Debug|Any CPU
		{2865DDAE-A69A-4558-89BF-BCE08A4CF420}.Debug|Any CPU.Build.0 = Debug|Any CPU
		{2865DDAE-A69A-4558-89BF-BCE08A4CF420}.Release|Any CPU.ActiveCfg = Release|Any CPU
		{2865DDAE-A69A-4558-89BF-BCE08A4CF420}.Release|Any CPU.Build.0 = Release|Any CPU
		{D16BEB02-ED0C-4CF6-9067-F34938775A86}.Debug|Any CPU.ActiveCfg = Debug|Any CPU
		{D16BEB02-ED0C-4CF6-9067-F34938775A86}.Debug|Any CPU.Build.0 = Debug|Any CPU
		{D16BEB02-ED0C-4CF6-9067-F34938775A86}.Release|Any CPU.ActiveCfg = Release|Any CPU
		{D16BEB02-ED0C-4CF6-9067-F34938775A86}.Release|Any CPU.Build.0 = Release|Any CPU
		{605C8CDB-F0AD-4A21-9F4A-959B8DECB0F3}.Debug|Any CPU.ActiveCfg = Debug|Any CPU
		{605C8CDB-F0AD-4A21-9F4A-959B8DECB0F3}.Debug|Any CPU.Build.0 = Debug|Any CPU
		{605C8CDB-F0AD-4A21-9F4A-959B8DECB0F3}.Release|Any CPU.ActiveCfg = Release|Any CPU
		{605C8CDB-F0AD-4A21-9F4A-959B8DECB0F3}.Release|Any CPU.Build.0 = Release|Any CPU
		{3CF63B25-EFC5-4918-B5AF-9522F7A9179D}.Debug|Any CPU.ActiveCfg = Debug|Any CPU
		{3CF63B25-EFC5-4918-B5AF-9522F7A9179D}.Debug|Any CPU.Build.0 = Debug|Any CPU
		{3CF63B25-EFC5-4918-B5AF-9522F7A9179D}.Release|Any CPU.ActiveCfg = Release|Any CPU
		{3CF63B25-EFC5-4918-B5AF-9522F7A9179D}.Release|Any CPU.Build.0 = Release|Any CPU
		{4E1E3453-F491-489E-8E5A-E690B1AA8577}.Debug|Any CPU.ActiveCfg = Debug|Any CPU
		{4E1E3453-F491-489E-8E5A-E690B1AA8577}.Debug|Any CPU.Build.0 = Debug|Any CPU
		{4E1E3453-F491-489E-8E5A-E690B1AA8577}.Release|Any CPU.ActiveCfg = Release|Any CPU
		{4E1E3453-F491-489E-8E5A-E690B1AA8577}.Release|Any CPU.Build.0 = Release|Any CPU
		{94B91356-96F4-4C51-AE67-1D3483F637B9}.Debug|Any CPU.ActiveCfg = Debug|Any CPU
		{94B91356-96F4-4C51-AE67-1D3483F637B9}.Debug|Any CPU.Build.0 = Debug|Any CPU
		{94B91356-96F4-4C51-AE67-1D3483F637B9}.Release|Any CPU.ActiveCfg = Release|Any CPU
		{94B91356-96F4-4C51-AE67-1D3483F637B9}.Release|Any CPU.Build.0 = Release|Any CPU
		{489FC4C7-D182-4B6D-BEBF-7D6C457D8F9C}.Debug|Any CPU.ActiveCfg = Debug|Any CPU
		{489FC4C7-D182-4B6D-BEBF-7D6C457D8F9C}.Debug|Any CPU.Build.0 = Debug|Any CPU
		{489FC4C7-D182-4B6D-BEBF-7D6C457D8F9C}.Release|Any CPU.ActiveCfg = Release|Any CPU
		{489FC4C7-D182-4B6D-BEBF-7D6C457D8F9C}.Release|Any CPU.Build.0 = Release|Any CPU
		{0C6A880C-9451-4B92-9C7B-1AD5D6862067}.Debug|Any CPU.ActiveCfg = Debug|Any CPU
		{0C6A880C-9451-4B92-9C7B-1AD5D6862067}.Debug|Any CPU.Build.0 = Debug|Any CPU
		{0C6A880C-9451-4B92-9C7B-1AD5D6862067}.Release|Any CPU.ActiveCfg = Release|Any CPU
		{0C6A880C-9451-4B92-9C7B-1AD5D6862067}.Release|Any CPU.Build.0 = Release|Any CPU
		{7E2D1B96-4C9B-442F-9858-3ACB2CAE2FD3}.Debug|Any CPU.ActiveCfg = Debug|Any CPU
		{7E2D1B96-4C9B-442F-9858-3ACB2CAE2FD3}.Debug|Any CPU.Build.0 = Debug|Any CPU
		{7E2D1B96-4C9B-442F-9858-3ACB2CAE2FD3}.Release|Any CPU.ActiveCfg = Release|Any CPU
		{7E2D1B96-4C9B-442F-9858-3ACB2CAE2FD3}.Release|Any CPU.Build.0 = Release|Any CPU
		{7E63CC49-1CFA-4188-9B97-E1EB8C06FB39}.Debug|Any CPU.ActiveCfg = Debug|Any CPU
		{7E63CC49-1CFA-4188-9B97-E1EB8C06FB39}.Debug|Any CPU.Build.0 = Debug|Any CPU
		{7E63CC49-1CFA-4188-9B97-E1EB8C06FB39}.Release|Any CPU.ActiveCfg = Release|Any CPU
		{7E63CC49-1CFA-4188-9B97-E1EB8C06FB39}.Release|Any CPU.Build.0 = Release|Any CPU
		{F8A186F7-35A9-4262-8EBC-A7EF531FF47F}.Debug|Any CPU.ActiveCfg = Debug|Any CPU
		{F8A186F7-35A9-4262-8EBC-A7EF531FF47F}.Debug|Any CPU.Build.0 = Debug|Any CPU
		{F8A186F7-35A9-4262-8EBC-A7EF531FF47F}.Release|Any CPU.ActiveCfg = Release|Any CPU
		{F8A186F7-35A9-4262-8EBC-A7EF531FF47F}.Release|Any CPU.Build.0 = Release|Any CPU
		{FA0FEAC4-1CB4-47AF-9301-A7C8B03686B9}.Debug|Any CPU.ActiveCfg = Debug|Any CPU
		{FA0FEAC4-1CB4-47AF-9301-A7C8B03686B9}.Debug|Any CPU.Build.0 = Debug|Any CPU
		{FA0FEAC4-1CB4-47AF-9301-A7C8B03686B9}.Release|Any CPU.ActiveCfg = Release|Any CPU
		{FA0FEAC4-1CB4-47AF-9301-A7C8B03686B9}.Release|Any CPU.Build.0 = Release|Any CPU
		{4EAB8FF0-5A44-49B5-8F61-CEDFF85E49BB}.Debug|Any CPU.ActiveCfg = Debug|Any CPU
		{4EAB8FF0-5A44-49B5-8F61-CEDFF85E49BB}.Debug|Any CPU.Build.0 = Debug|Any CPU
		{4EAB8FF0-5A44-49B5-8F61-CEDFF85E49BB}.Release|Any CPU.ActiveCfg = Release|Any CPU
		{4EAB8FF0-5A44-49B5-8F61-CEDFF85E49BB}.Release|Any CPU.Build.0 = Release|Any CPU
		{7C26C1B3-1877-45BF-B27B-6F81F5714F31}.Debug|Any CPU.ActiveCfg = Debug|Any CPU
		{7C26C1B3-1877-45BF-B27B-6F81F5714F31}.Debug|Any CPU.Build.0 = Debug|Any CPU
		{7C26C1B3-1877-45BF-B27B-6F81F5714F31}.Release|Any CPU.ActiveCfg = Release|Any CPU
		{7C26C1B3-1877-45BF-B27B-6F81F5714F31}.Release|Any CPU.Build.0 = Release|Any CPU
		{233285A2-3F4F-4FD7-A01B-CA78DE3D0871}.Debug|Any CPU.ActiveCfg = Debug|Any CPU
		{233285A2-3F4F-4FD7-A01B-CA78DE3D0871}.Debug|Any CPU.Build.0 = Debug|Any CPU
		{233285A2-3F4F-4FD7-A01B-CA78DE3D0871}.Release|Any CPU.ActiveCfg = Release|Any CPU
		{233285A2-3F4F-4FD7-A01B-CA78DE3D0871}.Release|Any CPU.Build.0 = Release|Any CPU
		{2345B5BE-424D-4932-8738-6A41435B7074}.Debug|Any CPU.ActiveCfg = Debug|Any CPU
		{2345B5BE-424D-4932-8738-6A41435B7074}.Debug|Any CPU.Build.0 = Debug|Any CPU
		{2345B5BE-424D-4932-8738-6A41435B7074}.Release|Any CPU.ActiveCfg = Release|Any CPU
		{2345B5BE-424D-4932-8738-6A41435B7074}.Release|Any CPU.Build.0 = Release|Any CPU
		{2B073564-9D30-4660-AE4B-172DE8DB31BC}.Debug|Any CPU.ActiveCfg = Debug|Any CPU
		{2B073564-9D30-4660-AE4B-172DE8DB31BC}.Debug|Any CPU.Build.0 = Debug|Any CPU
		{2B073564-9D30-4660-AE4B-172DE8DB31BC}.Release|Any CPU.ActiveCfg = Release|Any CPU
		{2B073564-9D30-4660-AE4B-172DE8DB31BC}.Release|Any CPU.Build.0 = Release|Any CPU
		{98A37FB1-8C51-4F54-A4CD-2D930BE69C7F}.Debug|Any CPU.ActiveCfg = Debug|Any CPU
		{98A37FB1-8C51-4F54-A4CD-2D930BE69C7F}.Debug|Any CPU.Build.0 = Debug|Any CPU
		{98A37FB1-8C51-4F54-A4CD-2D930BE69C7F}.Release|Any CPU.ActiveCfg = Release|Any CPU
		{98A37FB1-8C51-4F54-A4CD-2D930BE69C7F}.Release|Any CPU.Build.0 = Release|Any CPU
		{661EF7BB-0F8D-4ADC-98BF-A798952BF933}.Debug|Any CPU.ActiveCfg = Debug|Any CPU
		{661EF7BB-0F8D-4ADC-98BF-A798952BF933}.Debug|Any CPU.Build.0 = Debug|Any CPU
		{661EF7BB-0F8D-4ADC-98BF-A798952BF933}.Release|Any CPU.ActiveCfg = Release|Any CPU
		{661EF7BB-0F8D-4ADC-98BF-A798952BF933}.Release|Any CPU.Build.0 = Release|Any CPU
	EndGlobalSection
	GlobalSection(SolutionProperties) = preSolution
		HideSolutionNode = FALSE
	EndGlobalSection
	GlobalSection(NestedProjects) = preSolution
		{B3AC3ECD-30AD-41A6-9B17-5A77923562FA} = {4B7DED68-B884-45FB-919E-A3A8FC0DFED2}
		{5B68E92D-54AF-4CCC-AF8F-A621CE355062} = {B3B361F1-6DCA-45C4-B58F-9E84D403A543}
		{E8B9F793-F17A-4490-A985-AB6838107133} = {B3B361F1-6DCA-45C4-B58F-9E84D403A543}
		{BC9E645B-4D6C-4497-A091-6BC53A8C819E} = {B3B361F1-6DCA-45C4-B58F-9E84D403A543}
		{E697182E-BFCD-4534-9A91-57DEBB90DF28} = {E8B9F793-F17A-4490-A985-AB6838107133}
		{88E0C9DE-1C24-47CB-9790-F2AA3DFF1683} = {E8B9F793-F17A-4490-A985-AB6838107133}
		{62D6F789-95C8-4111-84B9-FD4807C6CB66} = {5734EDFB-251A-4E20-A894-6231354B84F6}
		{646ADB38-5F66-4332-BFA7-08DE3E7E4EC9} = {5734EDFB-251A-4E20-A894-6231354B84F6}
		{5B0DA55F-A042-49A1-8927-11122544D91E} = {5734EDFB-251A-4E20-A894-6231354B84F6}
		{68C096D7-27BE-493F-A375-C40C70CB07D4} = {646ADB38-5F66-4332-BFA7-08DE3E7E4EC9}
		{ACF0DFFD-984F-47C1-8AA1-3587B48B2166} = {180F754D-22FC-4DC0-8D5C-ED7F50D5B6AC}
		{63F16AD6-3C52-43BA-A3D7-981AC870E7CE} = {F9AC4338-C994-431D-8983-AA924F0CD9A3}
		{2D18BE89-D210-49EB-A9DD-2246FBB3DF6D} = {F9AC4338-C994-431D-8983-AA924F0CD9A3}
		{C9B7AEFC-11BF-4902-AB1C-055E87479ACE} = {F9AC4338-C994-431D-8983-AA924F0CD9A3}
		{63591A7A-794D-407E-9D3F-2B2C525420F9} = {F9AC4338-C994-431D-8983-AA924F0CD9A3}
		{C75532C4-765B-418E-B09B-46D36B2ABDB1} = {F9AC4338-C994-431D-8983-AA924F0CD9A3}
		{14AC1134-719E-497F-9B84-0C0DC5F4AD9E} = {B3AC3ECD-30AD-41A6-9B17-5A77923562FA}
		{42474834-8525-470E-A26C-24E552123983} = {5B68E92D-54AF-4CCC-AF8F-A621CE355062}
		{6ABF911A-7EF0-41DC-AB7A-720F874107BD} = {E697182E-BFCD-4534-9A91-57DEBB90DF28}
		{7D47B960-6735-4125-8670-0BBDBEE28208} = {E697182E-BFCD-4534-9A91-57DEBB90DF28}
		{8EF3AA7B-2B98-42AF-A4E4-3D7447ADFF65} = {E697182E-BFCD-4534-9A91-57DEBB90DF28}
		{1EB2D6B5-FA84-4C0D-BB6E-1C9862AB779A} = {E697182E-BFCD-4534-9A91-57DEBB90DF28}
		{66252D2A-5D13-457C-8A5D-A1FD918A1BBE} = {585BCE72-8B5A-403A-9EFC-616DAFBCFECD}
		{2865DDAE-A69A-4558-89BF-BCE08A4CF420} = {585BCE72-8B5A-403A-9EFC-616DAFBCFECD}
		{D16BEB02-ED0C-4CF6-9067-F34938775A86} = {585BCE72-8B5A-403A-9EFC-616DAFBCFECD}
		{605C8CDB-F0AD-4A21-9F4A-959B8DECB0F3} = {585BCE72-8B5A-403A-9EFC-616DAFBCFECD}
		{3CF63B25-EFC5-4918-B5AF-9522F7A9179D} = {68C096D7-27BE-493F-A375-C40C70CB07D4}
		{4E1E3453-F491-489E-8E5A-E690B1AA8577} = {68C096D7-27BE-493F-A375-C40C70CB07D4}
		{94B91356-96F4-4C51-AE67-1D3483F637B9} = {5B0DA55F-A042-49A1-8927-11122544D91E}
		{489FC4C7-D182-4B6D-BEBF-7D6C457D8F9C} = {62D6F789-95C8-4111-84B9-FD4807C6CB66}
		{0C6A880C-9451-4B92-9C7B-1AD5D6862067} = {BC9E645B-4D6C-4497-A091-6BC53A8C819E}
		{7E2D1B96-4C9B-442F-9858-3ACB2CAE2FD3} = {BC9E645B-4D6C-4497-A091-6BC53A8C819E}
		{7E63CC49-1CFA-4188-9B97-E1EB8C06FB39} = {BC9E645B-4D6C-4497-A091-6BC53A8C819E}
		{F8A186F7-35A9-4262-8EBC-A7EF531FF47F} = {5B0DA55F-A042-49A1-8927-11122544D91E}
		{FA0FEAC4-1CB4-47AF-9301-A7C8B03686B9} = {5B0DA55F-A042-49A1-8927-11122544D91E}
		{4EAB8FF0-5A44-49B5-8F61-CEDFF85E49BB} = {5B0DA55F-A042-49A1-8927-11122544D91E}
		{7C26C1B3-1877-45BF-B27B-6F81F5714F31} = {68C096D7-27BE-493F-A375-C40C70CB07D4}
		{233285A2-3F4F-4FD7-A01B-CA78DE3D0871} = {62D6F789-95C8-4111-84B9-FD4807C6CB66}
		{2B073564-9D30-4660-AE4B-172DE8DB31BC} = {6369256B-46A2-4A1C-9A66-02D59C90BEA3}
		{98A37FB1-8C51-4F54-A4CD-2D930BE69C7F} = {6369256B-46A2-4A1C-9A66-02D59C90BEA3}
		{661EF7BB-0F8D-4ADC-98BF-A798952BF933} = {6369256B-46A2-4A1C-9A66-02D59C90BEA3}
	EndGlobalSection
EndGlobal
